Microsoft Visual Studio Solution File, Format Version 12.00
# Visual Studio 2013
Project("{2150E333-8FDC-42A3-9474-1A3956D46DE8}") = "CMakePredefinedTargets", "CMakePredefinedTargets", "{8F770854-264E-3236-B034-7F7377BF8907}"
EndProject
Project("{2150E333-8FDC-42A3-9474-1A3956D46DE8}") = "GLFW3", "GLFW3", "{9D7616D1-BA3A-3924-ACFF-959A2808F565}"
EndProject
Project("{2150E333-8FDC-42A3-9474-1A3956D46DE8}") = "Examples", "GLFW3\Examples", "{A7EE157D-F597-3DAA-98FD-1F492388AAAA}"
EndProject
Project("{2150E333-8FDC-42A3-9474-1A3956D46DE8}") = "Tests", "GLFW3\Tests", "{8C80EDD7-0145-320F-8C0F-B9B6640D9311}"
EndProject
Project("{8BC9CEB8-8B4A-11D0-8D11-00A0C91BC942}") = "ALL_BUILD", "ALL_BUILD.vcxproj", "{7FD94E01-B111-3DA4-A89F-207C3AD462B0}"
	ProjectSection(ProjectDependencies) = postProject
		{89FD9E47-BC5A-3E84-9307-BEAB22487314} = {89FD9E47-BC5A-3E84-9307-BEAB22487314}
		{AFB14833-0C4B-3C01-8237-6400FA83DBC6} = {AFB14833-0C4B-3C01-8237-6400FA83DBC6}
		{598AA816-5A48-3EFE-9B96-6A96D057809A} = {598AA816-5A48-3EFE-9B96-6A96D057809A}
		{0C4C78FE-0B13-3CA2-BCD1-D798153880F4} = {0C4C78FE-0B13-3CA2-BCD1-D798153880F4}
		{78D0BB5A-FCF1-3DBF-9349-901CD8F046A2} = {78D0BB5A-FCF1-3DBF-9349-901CD8F046A2}
		{F9BA887B-1A7A-31FA-B4C1-7962FFBDB058} = {F9BA887B-1A7A-31FA-B4C1-7962FFBDB058}
		{AFCAE5F7-34DF-30B0-8FA9-CD1E73FE3CC7} = {AFCAE5F7-34DF-30B0-8FA9-CD1E73FE3CC7}
		{C37624D8-D8D7-3383-A154-1BF64CCEE8B4} = {C37624D8-D8D7-3383-A154-1BF64CCEE8B4}
		{1B2D505A-81FC-37BC-B6B9-528D8F1B4F6A} = {1B2D505A-81FC-37BC-B6B9-528D8F1B4F6A}
		{BA57722B-77F5-3094-A97B-C8956EE104C5} = {BA57722B-77F5-3094-A97B-C8956EE104C5}
		{271662DF-458D-308C-AC3E-F8AD1BAE948A} = {271662DF-458D-308C-AC3E-F8AD1BAE948A}
		{C87BCB75-C6C9-32E6-9B69-AF4916A9721F} = {C87BCB75-C6C9-32E6-9B69-AF4916A9721F}
		{E0D7635E-738C-383E-AF7A-40CA422E85FC} = {E0D7635E-738C-383E-AF7A-40CA422E85FC}
		{8BBD0EF4-4A87-3900-8223-A9C853A50FEF} = {8BBD0EF4-4A87-3900-8223-A9C853A50FEF}
		{773257EA-AF47-335F-9D92-AE8FC869F9E3} = {773257EA-AF47-335F-9D92-AE8FC869F9E3}
		{B7A55AB5-BB56-3B47-8D1F-7AC1EC4F5C0B} = {B7A55AB5-BB56-3B47-8D1F-7AC1EC4F5C0B}
		{18DC6A04-5D3B-3DEE-88AD-5E9EBF153639} = {18DC6A04-5D3B-3DEE-88AD-5E9EBF153639}
		{B6CFD7C1-4859-3D9C-81F5-54FF08A669B7} = {B6CFD7C1-4859-3D9C-81F5-54FF08A669B7}
		{CB7B1515-8F18-3ED8-A5C7-2298D447CE6B} = {CB7B1515-8F18-3ED8-A5C7-2298D447CE6B}
		{77EB827E-8F1C-3036-8F1B-2F3FA80B677B} = {77EB827E-8F1C-3036-8F1B-2F3FA80B677B}
		{7A4CCC8A-BF2F-3371-9B92-FC857CFBA72A} = {7A4CCC8A-BF2F-3371-9B92-FC857CFBA72A}
		{4574E617-159F-3BB7-BFB3-C791A16A69C8} = {4574E617-159F-3BB7-BFB3-C791A16A69C8}
		{A2971545-63D9-31EC-A47F-45662CACF7C4} = {A2971545-63D9-31EC-A47F-45662CACF7C4}
		{79FA9241-7FA5-3846-9458-67659B916758} = {79FA9241-7FA5-3846-9458-67659B916758}
		{C32B7939-E25D-34FF-977D-49FEE84FFF37} = {C32B7939-E25D-34FF-977D-49FEE84FFF37}
		{16B79F38-65E9-317A-BE0D-C3E34F96FAFC} = {16B79F38-65E9-317A-BE0D-C3E34F96FAFC}
		{F69F364C-5F1F-3674-ADAB-D3FBA2F2B942} = {F69F364C-5F1F-3674-ADAB-D3FBA2F2B942}
	EndProjectSection
EndProject
Project("{8BC9CEB8-8B4A-11D0-8D11-00A0C91BC942}") = "INSTALL", "INSTALL.vcxproj", "{50A0FB1D-F5A1-34E9-95CD-F61067650C1A}"
	ProjectSection(ProjectDependencies) = postProject
		{7FD94E01-B111-3DA4-A89F-207C3AD462B0} = {7FD94E01-B111-3DA4-A89F-207C3AD462B0}
		{89FD9E47-BC5A-3E84-9307-BEAB22487314} = {89FD9E47-BC5A-3E84-9307-BEAB22487314}
	EndProjectSection
EndProject
Project("{8BC9CEB8-8B4A-11D0-8D11-00A0C91BC942}") = "ZERO_CHECK", "ZERO_CHECK.vcxproj", "{89FD9E47-BC5A-3E84-9307-BEAB22487314}"
	ProjectSection(ProjectDependencies) = postProject
	EndProjectSection
EndProject
Project("{8BC9CEB8-8B4A-11D0-8D11-00A0C91BC942}") = "boing", "examples\boing.vcxproj", "{AFB14833-0C4B-3C01-8237-6400FA83DBC6}"
	ProjectSection(ProjectDependencies) = postProject
		{89FD9E47-BC5A-3E84-9307-BEAB22487314} = {89FD9E47-BC5A-3E84-9307-BEAB22487314}
		{1B2D505A-81FC-37BC-B6B9-528D8F1B4F6A} = {1B2D505A-81FC-37BC-B6B9-528D8F1B4F6A}
	EndProjectSection
EndProject
Project("{8BC9CEB8-8B4A-11D0-8D11-00A0C91BC942}") = "clipboard", "tests\clipboard.vcxproj", "{598AA816-5A48-3EFE-9B96-6A96D057809A}"
	ProjectSection(ProjectDependencies) = postProject
		{89FD9E47-BC5A-3E84-9307-BEAB22487314} = {89FD9E47-BC5A-3E84-9307-BEAB22487314}
		{1B2D505A-81FC-37BC-B6B9-528D8F1B4F6A} = {1B2D505A-81FC-37BC-B6B9-528D8F1B4F6A}
	EndProjectSection
EndProject
Project("{8BC9CEB8-8B4A-11D0-8D11-00A0C91BC942}") = "cursor", "tests\cursor.vcxproj", "{0C4C78FE-0B13-3CA2-BCD1-D798153880F4}"
	ProjectSection(ProjectDependencies) = postProject
		{89FD9E47-BC5A-3E84-9307-BEAB22487314} = {89FD9E47-BC5A-3E84-9307-BEAB22487314}
		{1B2D505A-81FC-37BC-B6B9-528D8F1B4F6A} = {1B2D505A-81FC-37BC-B6B9-528D8F1B4F6A}
	EndProjectSection
EndProject
Project("{8BC9CEB8-8B4A-11D0-8D11-00A0C91BC942}") = "empty", "tests\empty.vcxproj", "{78D0BB5A-FCF1-3DBF-9349-901CD8F046A2}"
	ProjectSection(ProjectDependencies) = postProject
		{89FD9E47-BC5A-3E84-9307-BEAB22487314} = {89FD9E47-BC5A-3E84-9307-BEAB22487314}
		{1B2D505A-81FC-37BC-B6B9-528D8F1B4F6A} = {1B2D505A-81FC-37BC-B6B9-528D8F1B4F6A}
	EndProjectSection
EndProject
Project("{8BC9CEB8-8B4A-11D0-8D11-00A0C91BC942}") = "events", "tests\events.vcxproj", "{F9BA887B-1A7A-31FA-B4C1-7962FFBDB058}"
	ProjectSection(ProjectDependencies) = postProject
		{89FD9E47-BC5A-3E84-9307-BEAB22487314} = {89FD9E47-BC5A-3E84-9307-BEAB22487314}
		{1B2D505A-81FC-37BC-B6B9-528D8F1B4F6A} = {1B2D505A-81FC-37BC-B6B9-528D8F1B4F6A}
	EndProjectSection
EndProject
Project("{8BC9CEB8-8B4A-11D0-8D11-00A0C91BC942}") = "gamma", "tests\gamma.vcxproj", "{AFCAE5F7-34DF-30B0-8FA9-CD1E73FE3CC7}"
	ProjectSection(ProjectDependencies) = postProject
		{89FD9E47-BC5A-3E84-9307-BEAB22487314} = {89FD9E47-BC5A-3E84-9307-BEAB22487314}
		{1B2D505A-81FC-37BC-B6B9-528D8F1B4F6A} = {1B2D505A-81FC-37BC-B6B9-528D8F1B4F6A}
	EndProjectSection
EndProject
Project("{8BC9CEB8-8B4A-11D0-8D11-00A0C91BC942}") = "gears", "examples\gears.vcxproj", "{C37624D8-D8D7-3383-A154-1BF64CCEE8B4}"
	ProjectSection(ProjectDependencies) = postProject
		{89FD9E47-BC5A-3E84-9307-BEAB22487314} = {89FD9E47-BC5A-3E84-9307-BEAB22487314}
		{1B2D505A-81FC-37BC-B6B9-528D8F1B4F6A} = {1B2D505A-81FC-37BC-B6B9-528D8F1B4F6A}
	EndProjectSection
EndProject
Project("{8BC9CEB8-8B4A-11D0-8D11-00A0C91BC942}") = "glfw", "src\glfw.vcxproj", "{1B2D505A-81FC-37BC-B6B9-528D8F1B4F6A}"
	ProjectSection(ProjectDependencies) = postProject
		{89FD9E47-BC5A-3E84-9307-BEAB22487314} = {89FD9E47-BC5A-3E84-9307-BEAB22487314}
	EndProjectSection
EndProject
Project("{8BC9CEB8-8B4A-11D0-8D11-00A0C91BC942}") = "glfwinfo", "tests\glfwinfo.vcxproj", "{BA57722B-77F5-3094-A97B-C8956EE104C5}"
	ProjectSection(ProjectDependencies) = postProject
		{89FD9E47-BC5A-3E84-9307-BEAB22487314} = {89FD9E47-BC5A-3E84-9307-BEAB22487314}
		{1B2D505A-81FC-37BC-B6B9-528D8F1B4F6A} = {1B2D505A-81FC-37BC-B6B9-528D8F1B4F6A}
	EndProjectSection
EndProject
Project("{8BC9CEB8-8B4A-11D0-8D11-00A0C91BC942}") = "heightmap", "examples\heightmap.vcxproj", "{271662DF-458D-308C-AC3E-F8AD1BAE948A}"
	ProjectSection(ProjectDependencies) = postProject
		{89FD9E47-BC5A-3E84-9307-BEAB22487314} = {89FD9E47-BC5A-3E84-9307-BEAB22487314}
		{1B2D505A-81FC-37BC-B6B9-528D8F1B4F6A} = {1B2D505A-81FC-37BC-B6B9-528D8F1B4F6A}
	EndProjectSection
EndProject
Project("{8BC9CEB8-8B4A-11D0-8D11-00A0C91BC942}") = "icon", "tests\icon.vcxproj", "{C87BCB75-C6C9-32E6-9B69-AF4916A9721F}"
	ProjectSection(ProjectDependencies) = postProject
		{89FD9E47-BC5A-3E84-9307-BEAB22487314} = {89FD9E47-BC5A-3E84-9307-BEAB22487314}
		{1B2D505A-81FC-37BC-B6B9-528D8F1B4F6A} = {1B2D505A-81FC-37BC-B6B9-528D8F1B4F6A}
	EndProjectSection
EndProject
Project("{8BC9CEB8-8B4A-11D0-8D11-00A0C91BC942}") = "iconify", "tests\iconify.vcxproj", "{E0D7635E-738C-383E-AF7A-40CA422E85FC}"
	ProjectSection(ProjectDependencies) = postProject
		{89FD9E47-BC5A-3E84-9307-BEAB22487314} = {89FD9E47-BC5A-3E84-9307-BEAB22487314}
		{1B2D505A-81FC-37BC-B6B9-528D8F1B4F6A} = {1B2D505A-81FC-37BC-B6B9-528D8F1B4F6A}
	EndProjectSection
EndProject
Project("{8BC9CEB8-8B4A-11D0-8D11-00A0C91BC942}") = "joysticks", "tests\joysticks.vcxproj", "{8BBD0EF4-4A87-3900-8223-A9C853A50FEF}"
	ProjectSection(ProjectDependencies) = postProject
		{89FD9E47-BC5A-3E84-9307-BEAB22487314} = {89FD9E47-BC5A-3E84-9307-BEAB22487314}
		{1B2D505A-81FC-37BC-B6B9-528D8F1B4F6A} = {1B2D505A-81FC-37BC-B6B9-528D8F1B4F6A}
	EndProjectSection
EndProject
Project("{8BC9CEB8-8B4A-11D0-8D11-00A0C91BC942}") = "monitors", "tests\monitors.vcxproj", "{773257EA-AF47-335F-9D92-AE8FC869F9E3}"
	ProjectSection(ProjectDependencies) = postProject
		{89FD9E47-BC5A-3E84-9307-BEAB22487314} = {89FD9E47-BC5A-3E84-9307-BEAB22487314}
		{1B2D505A-81FC-37BC-B6B9-528D8F1B4F6A} = {1B2D505A-81FC-37BC-B6B9-528D8F1B4F6A}
	EndProjectSection
EndProject
Project("{8BC9CEB8-8B4A-11D0-8D11-00A0C91BC942}") = "msaa", "tests\msaa.vcxproj", "{B7A55AB5-BB56-3B47-8D1F-7AC1EC4F5C0B}"
	ProjectSection(ProjectDependencies) = postProject
		{89FD9E47-BC5A-3E84-9307-BEAB22487314} = {89FD9E47-BC5A-3E84-9307-BEAB22487314}
		{1B2D505A-81FC-37BC-B6B9-528D8F1B4F6A} = {1B2D505A-81FC-37BC-B6B9-528D8F1B4F6A}
	EndProjectSection
EndProject
Project("{8BC9CEB8-8B4A-11D0-8D11-00A0C91BC942}") = "particles", "examples\particles.vcxproj", "{18DC6A04-5D3B-3DEE-88AD-5E9EBF153639}"
	ProjectSection(ProjectDependencies) = postProject
		{89FD9E47-BC5A-3E84-9307-BEAB22487314} = {89FD9E47-BC5A-3E84-9307-BEAB22487314}
		{1B2D505A-81FC-37BC-B6B9-528D8F1B4F6A} = {1B2D505A-81FC-37BC-B6B9-528D8F1B4F6A}
	EndProjectSection
EndProject
Project("{8BC9CEB8-8B4A-11D0-8D11-00A0C91BC942}") = "reopen", "tests\reopen.vcxproj", "{B6CFD7C1-4859-3D9C-81F5-54FF08A669B7}"
	ProjectSection(ProjectDependencies) = postProject
		{89FD9E47-BC5A-3E84-9307-BEAB22487314} = {89FD9E47-BC5A-3E84-9307-BEAB22487314}
		{1B2D505A-81FC-37BC-B6B9-528D8F1B4F6A} = {1B2D505A-81FC-37BC-B6B9-528D8F1B4F6A}
	EndProjectSection
EndProject
Project("{8BC9CEB8-8B4A-11D0-8D11-00A0C91BC942}") = "sharing", "tests\sharing.vcxproj", "{CB7B1515-8F18-3ED8-A5C7-2298D447CE6B}"
	ProjectSection(ProjectDependencies) = postProject
		{89FD9E47-BC5A-3E84-9307-BEAB22487314} = {89FD9E47-BC5A-3E84-9307-BEAB22487314}
		{1B2D505A-81FC-37BC-B6B9-528D8F1B4F6A} = {1B2D505A-81FC-37BC-B6B9-528D8F1B4F6A}
	EndProjectSection
EndProject
Project("{8BC9CEB8-8B4A-11D0-8D11-00A0C91BC942}") = "simple", "examples\simple.vcxproj", "{77EB827E-8F1C-3036-8F1B-2F3FA80B677B}"
	ProjectSection(ProjectDependencies) = postProject
		{89FD9E47-BC5A-3E84-9307-BEAB22487314} = {89FD9E47-BC5A-3E84-9307-BEAB22487314}
		{1B2D505A-81FC-37BC-B6B9-528D8F1B4F6A} = {1B2D505A-81FC-37BC-B6B9-528D8F1B4F6A}
	EndProjectSection
EndProject
Project("{8BC9CEB8-8B4A-11D0-8D11-00A0C91BC942}") = "splitview", "examples\splitview.vcxproj", "{7A4CCC8A-BF2F-3371-9B92-FC857CFBA72A}"
	ProjectSection(ProjectDependencies) = postProject
		{89FD9E47-BC5A-3E84-9307-BEAB22487314} = {89FD9E47-BC5A-3E84-9307-BEAB22487314}
		{1B2D505A-81FC-37BC-B6B9-528D8F1B4F6A} = {1B2D505A-81FC-37BC-B6B9-528D8F1B4F6A}
	EndProjectSection
EndProject
Project("{8BC9CEB8-8B4A-11D0-8D11-00A0C91BC942}") = "tearing", "tests\tearing.vcxproj", "{4574E617-159F-3BB7-BFB3-C791A16A69C8}"
	ProjectSection(ProjectDependencies) = postProject
		{89FD9E47-BC5A-3E84-9307-BEAB22487314} = {89FD9E47-BC5A-3E84-9307-BEAB22487314}
		{1B2D505A-81FC-37BC-B6B9-528D8F1B4F6A} = {1B2D505A-81FC-37BC-B6B9-528D8F1B4F6A}
	EndProjectSection
EndProject
Project("{8BC9CEB8-8B4A-11D0-8D11-00A0C91BC942}") = "threads", "tests\threads.vcxproj", "{A2971545-63D9-31EC-A47F-45662CACF7C4}"
	ProjectSection(ProjectDependencies) = postProject
		{89FD9E47-BC5A-3E84-9307-BEAB22487314} = {89FD9E47-BC5A-3E84-9307-BEAB22487314}
		{1B2D505A-81FC-37BC-B6B9-528D8F1B4F6A} = {1B2D505A-81FC-37BC-B6B9-528D8F1B4F6A}
	EndProjectSection
EndProject
Project("{8BC9CEB8-8B4A-11D0-8D11-00A0C91BC942}") = "timeout", "tests\timeout.vcxproj", "{79FA9241-7FA5-3846-9458-67659B916758}"
	ProjectSection(ProjectDependencies) = postProject
		{89FD9E47-BC5A-3E84-9307-BEAB22487314} = {89FD9E47-BC5A-3E84-9307-BEAB22487314}
		{1B2D505A-81FC-37BC-B6B9-528D8F1B4F6A} = {1B2D505A-81FC-37BC-B6B9-528D8F1B4F6A}
	EndProjectSection
EndProject
Project("{8BC9CEB8-8B4A-11D0-8D11-00A0C91BC942}") = "title", "tests\title.vcxproj", "{C32B7939-E25D-34FF-977D-49FEE84FFF37}"
	ProjectSection(ProjectDependencies) = postProject
		{89FD9E47-BC5A-3E84-9307-BEAB22487314} = {89FD9E47-BC5A-3E84-9307-BEAB22487314}
		{1B2D505A-81FC-37BC-B6B9-528D8F1B4F6A} = {1B2D505A-81FC-37BC-B6B9-528D8F1B4F6A}
	EndProjectSection
EndProject
Project("{8BC9CEB8-8B4A-11D0-8D11-00A0C91BC942}") = "uninstall", "uninstall.vcxproj", "{3C7B7AA3-FF17-3102-89FC-B10A14DD99EC}"
	ProjectSection(ProjectDependencies) = postProject
		{89FD9E47-BC5A-3E84-9307-BEAB22487314} = {89FD9E47-BC5A-3E84-9307-BEAB22487314}
	EndProjectSection
EndProject
Project("{8BC9CEB8-8B4A-11D0-8D11-00A0C91BC942}") = "wave", "examples\wave.vcxproj", "{16B79F38-65E9-317A-BE0D-C3E34F96FAFC}"
	ProjectSection(ProjectDependencies) = postProject
		{89FD9E47-BC5A-3E84-9307-BEAB22487314} = {89FD9E47-BC5A-3E84-9307-BEAB22487314}
		{1B2D505A-81FC-37BC-B6B9-528D8F1B4F6A} = {1B2D505A-81FC-37BC-B6B9-528D8F1B4F6A}
	EndProjectSection
EndProject
Project("{8BC9CEB8-8B4A-11D0-8D11-00A0C91BC942}") = "windows", "tests\windows.vcxproj", "{F69F364C-5F1F-3674-ADAB-D3FBA2F2B942}"
	ProjectSection(ProjectDependencies) = postProject
		{89FD9E47-BC5A-3E84-9307-BEAB22487314} = {89FD9E47-BC5A-3E84-9307-BEAB22487314}
		{1B2D505A-81FC-37BC-B6B9-528D8F1B4F6A} = {1B2D505A-81FC-37BC-B6B9-528D8F1B4F6A}
	EndProjectSection
EndProject
Global
	GlobalSection(SolutionConfigurationPlatforms) = preSolution
		Debug|x64 = Debug|x64
		Release|x64 = Release|x64
		MinSizeRel|x64 = MinSizeRel|x64
		RelWithDebInfo|x64 = RelWithDebInfo|x64
	EndGlobalSection
	GlobalSection(ProjectConfigurationPlatforms) = postSolution
		{7FD94E01-B111-3DA4-A89F-207C3AD462B0}.Debug|x64.ActiveCfg = Debug|x64
		{7FD94E01-B111-3DA4-A89F-207C3AD462B0}.Debug|x64.Build.0 = Debug|x64
		{7FD94E01-B111-3DA4-A89F-207C3AD462B0}.Release|x64.ActiveCfg = Release|x64
		{7FD94E01-B111-3DA4-A89F-207C3AD462B0}.Release|x64.Build.0 = Release|x64
		{7FD94E01-B111-3DA4-A89F-207C3AD462B0}.MinSizeRel|x64.ActiveCfg = MinSizeRel|x64
		{7FD94E01-B111-3DA4-A89F-207C3AD462B0}.MinSizeRel|x64.Build.0 = MinSizeRel|x64
		{7FD94E01-B111-3DA4-A89F-207C3AD462B0}.RelWithDebInfo|x64.ActiveCfg = RelWithDebInfo|x64
		{7FD94E01-B111-3DA4-A89F-207C3AD462B0}.RelWithDebInfo|x64.Build.0 = RelWithDebInfo|x64
		{50A0FB1D-F5A1-34E9-95CD-F61067650C1A}.Debug|x64.ActiveCfg = Debug|x64
		{50A0FB1D-F5A1-34E9-95CD-F61067650C1A}.Release|x64.ActiveCfg = Release|x64
		{50A0FB1D-F5A1-34E9-95CD-F61067650C1A}.MinSizeRel|x64.ActiveCfg = MinSizeRel|x64
		{50A0FB1D-F5A1-34E9-95CD-F61067650C1A}.RelWithDebInfo|x64.ActiveCfg = RelWithDebInfo|x64
		{89FD9E47-BC5A-3E84-9307-BEAB22487314}.Debug|x64.ActiveCfg = Debug|x64
		{89FD9E47-BC5A-3E84-9307-BEAB22487314}.Debug|x64.Build.0 = Debug|x64
		{89FD9E47-BC5A-3E84-9307-BEAB22487314}.Release|x64.ActiveCfg = Release|x64
		{89FD9E47-BC5A-3E84-9307-BEAB22487314}.Release|x64.Build.0 = Release|x64
		{89FD9E47-BC5A-3E84-9307-BEAB22487314}.MinSizeRel|x64.ActiveCfg = MinSizeRel|x64
		{89FD9E47-BC5A-3E84-9307-BEAB22487314}.MinSizeRel|x64.Build.0 = MinSizeRel|x64
		{89FD9E47-BC5A-3E84-9307-BEAB22487314}.RelWithDebInfo|x64.ActiveCfg = RelWithDebInfo|x64
		{89FD9E47-BC5A-3E84-9307-BEAB22487314}.RelWithDebInfo|x64.Build.0 = RelWithDebInfo|x64
		{AFB14833-0C4B-3C01-8237-6400FA83DBC6}.Debug|x64.ActiveCfg = Debug|x64
		{AFB14833-0C4B-3C01-8237-6400FA83DBC6}.Debug|x64.Build.0 = Debug|x64
		{AFB14833-0C4B-3C01-8237-6400FA83DBC6}.Release|x64.ActiveCfg = Release|x64
		{AFB14833-0C4B-3C01-8237-6400FA83DBC6}.Release|x64.Build.0 = Release|x64
		{AFB14833-0C4B-3C01-8237-6400FA83DBC6}.MinSizeRel|x64.ActiveCfg = MinSizeRel|x64
		{AFB14833-0C4B-3C01-8237-6400FA83DBC6}.MinSizeRel|x64.Build.0 = MinSizeRel|x64
		{AFB14833-0C4B-3C01-8237-6400FA83DBC6}.RelWithDebInfo|x64.ActiveCfg = RelWithDebInfo|x64
		{AFB14833-0C4B-3C01-8237-6400FA83DBC6}.RelWithDebInfo|x64.Build.0 = RelWithDebInfo|x64
		{598AA816-5A48-3EFE-9B96-6A96D057809A}.Debug|x64.ActiveCfg = Debug|x64
		{598AA816-5A48-3EFE-9B96-6A96D057809A}.Debug|x64.Build.0 = Debug|x64
		{598AA816-5A48-3EFE-9B96-6A96D057809A}.Release|x64.ActiveCfg = Release|x64
		{598AA816-5A48-3EFE-9B96-6A96D057809A}.Release|x64.Build.0 = Release|x64
		{598AA816-5A48-3EFE-9B96-6A96D057809A}.MinSizeRel|x64.ActiveCfg = MinSizeRel|x64
		{598AA816-5A48-3EFE-9B96-6A96D057809A}.MinSizeRel|x64.Build.0 = MinSizeRel|x64
		{598AA816-5A48-3EFE-9B96-6A96D057809A}.RelWithDebInfo|x64.ActiveCfg = RelWithDebInfo|x64
		{598AA816-5A48-3EFE-9B96-6A96D057809A}.RelWithDebInfo|x64.Build.0 = RelWithDebInfo|x64
		{0C4C78FE-0B13-3CA2-BCD1-D798153880F4}.Debug|x64.ActiveCfg = Debug|x64
		{0C4C78FE-0B13-3CA2-BCD1-D798153880F4}.Debug|x64.Build.0 = Debug|x64
		{0C4C78FE-0B13-3CA2-BCD1-D798153880F4}.Release|x64.ActiveCfg = Release|x64
		{0C4C78FE-0B13-3CA2-BCD1-D798153880F4}.Release|x64.Build.0 = Release|x64
		{0C4C78FE-0B13-3CA2-BCD1-D798153880F4}.MinSizeRel|x64.ActiveCfg = MinSizeRel|x64
		{0C4C78FE-0B13-3CA2-BCD1-D798153880F4}.MinSizeRel|x64.Build.0 = MinSizeRel|x64
		{0C4C78FE-0B13-3CA2-BCD1-D798153880F4}.RelWithDebInfo|x64.ActiveCfg = RelWithDebInfo|x64
		{0C4C78FE-0B13-3CA2-BCD1-D798153880F4}.RelWithDebInfo|x64.Build.0 = RelWithDebInfo|x64
		{78D0BB5A-FCF1-3DBF-9349-901CD8F046A2}.Debug|x64.ActiveCfg = Debug|x64
		{78D0BB5A-FCF1-3DBF-9349-901CD8F046A2}.Debug|x64.Build.0 = Debug|x64
		{78D0BB5A-FCF1-3DBF-9349-901CD8F046A2}.Release|x64.ActiveCfg = Release|x64
		{78D0BB5A-FCF1-3DBF-9349-901CD8F046A2}.Release|x64.Build.0 = Release|x64
		{78D0BB5A-FCF1-3DBF-9349-901CD8F046A2}.MinSizeRel|x64.ActiveCfg = MinSizeRel|x64
		{78D0BB5A-FCF1-3DBF-9349-901CD8F046A2}.MinSizeRel|x64.Build.0 = MinSizeRel|x64
		{78D0BB5A-FCF1-3DBF-9349-901CD8F046A2}.RelWithDebInfo|x64.ActiveCfg = RelWithDebInfo|x64
		{78D0BB5A-FCF1-3DBF-9349-901CD8F046A2}.RelWithDebInfo|x64.Build.0 = RelWithDebInfo|x64
		{F9BA887B-1A7A-31FA-B4C1-7962FFBDB058}.Debug|x64.ActiveCfg = Debug|x64
		{F9BA887B-1A7A-31FA-B4C1-7962FFBDB058}.Debug|x64.Build.0 = Debug|x64
		{F9BA887B-1A7A-31FA-B4C1-7962FFBDB058}.Release|x64.ActiveCfg = Release|x64
		{F9BA887B-1A7A-31FA-B4C1-7962FFBDB058}.Release|x64.Build.0 = Release|x64
		{F9BA887B-1A7A-31FA-B4C1-7962FFBDB058}.MinSizeRel|x64.ActiveCfg = MinSizeRel|x64
		{F9BA887B-1A7A-31FA-B4C1-7962FFBDB058}.MinSizeRel|x64.Build.0 = MinSizeRel|x64
		{F9BA887B-1A7A-31FA-B4C1-7962FFBDB058}.RelWithDebInfo|x64.ActiveCfg = RelWithDebInfo|x64
		{F9BA887B-1A7A-31FA-B4C1-7962FFBDB058}.RelWithDebInfo|x64.Build.0 = RelWithDebInfo|x64
		{AFCAE5F7-34DF-30B0-8FA9-CD1E73FE3CC7}.Debug|x64.ActiveCfg = Debug|x64
		{AFCAE5F7-34DF-30B0-8FA9-CD1E73FE3CC7}.Debug|x64.Build.0 = Debug|x64
		{AFCAE5F7-34DF-30B0-8FA9-CD1E73FE3CC7}.Release|x64.ActiveCfg = Release|x64
		{AFCAE5F7-34DF-30B0-8FA9-CD1E73FE3CC7}.Release|x64.Build.0 = Release|x64
		{AFCAE5F7-34DF-30B0-8FA9-CD1E73FE3CC7}.MinSizeRel|x64.ActiveCfg = MinSizeRel|x64
		{AFCAE5F7-34DF-30B0-8FA9-CD1E73FE3CC7}.MinSizeRel|x64.Build.0 = MinSizeRel|x64
		{AFCAE5F7-34DF-30B0-8FA9-CD1E73FE3CC7}.RelWithDebInfo|x64.ActiveCfg = RelWithDebInfo|x64
		{AFCAE5F7-34DF-30B0-8FA9-CD1E73FE3CC7}.RelWithDebInfo|x64.Build.0 = RelWithDebInfo|x64
		{C37624D8-D8D7-3383-A154-1BF64CCEE8B4}.Debug|x64.ActiveCfg = Debug|x64
		{C37624D8-D8D7-3383-A154-1BF64CCEE8B4}.Debug|x64.Build.0 = Debug|x64
		{C37624D8-D8D7-3383-A154-1BF64CCEE8B4}.Release|x64.ActiveCfg = Release|x64
		{C37624D8-D8D7-3383-A154-1BF64CCEE8B4}.Release|x64.Build.0 = Release|x64
		{C37624D8-D8D7-3383-A154-1BF64CCEE8B4}.MinSizeRel|x64.ActiveCfg = MinSizeRel|x64
		{C37624D8-D8D7-3383-A154-1BF64CCEE8B4}.MinSizeRel|x64.Build.0 = MinSizeRel|x64
		{C37624D8-D8D7-3383-A154-1BF64CCEE8B4}.RelWithDebInfo|x64.ActiveCfg = RelWithDebInfo|x64
		{C37624D8-D8D7-3383-A154-1BF64CCEE8B4}.RelWithDebInfo|x64.Build.0 = RelWithDebInfo|x64
		{1B2D505A-81FC-37BC-B6B9-528D8F1B4F6A}.Debug|x64.ActiveCfg = Debug|x64
		{1B2D505A-81FC-37BC-B6B9-528D8F1B4F6A}.Debug|x64.Build.0 = Debug|x64
		{1B2D505A-81FC-37BC-B6B9-528D8F1B4F6A}.Release|x64.ActiveCfg = Release|x64
		{1B2D505A-81FC-37BC-B6B9-528D8F1B4F6A}.Release|x64.Build.0 = Release|x64
		{1B2D505A-81FC-37BC-B6B9-528D8F1B4F6A}.MinSizeRel|x64.ActiveCfg = MinSizeRel|x64
		{1B2D505A-81FC-37BC-B6B9-528D8F1B4F6A}.MinSizeRel|x64.Build.0 = MinSizeRel|x64
		{1B2D505A-81FC-37BC-B6B9-528D8F1B4F6A}.RelWithDebInfo|x64.ActiveCfg = RelWithDebInfo|x64
		{1B2D505A-81FC-37BC-B6B9-528D8F1B4F6A}.RelWithDebInfo|x64.Build.0 = RelWithDebInfo|x64
		{BA57722B-77F5-3094-A97B-C8956EE104C5}.Debug|x64.ActiveCfg = Debug|x64
		{BA57722B-77F5-3094-A97B-C8956EE104C5}.Debug|x64.Build.0 = Debug|x64
		{BA57722B-77F5-3094-A97B-C8956EE104C5}.Release|x64.ActiveCfg = Release|x64
		{BA57722B-77F5-3094-A97B-C8956EE104C5}.Release|x64.Build.0 = Release|x64
		{BA57722B-77F5-3094-A97B-C8956EE104C5}.MinSizeRel|x64.ActiveCfg = MinSizeRel|x64
		{BA57722B-77F5-3094-A97B-C8956EE104C5}.MinSizeRel|x64.Build.0 = MinSizeRel|x64
		{BA57722B-77F5-3094-A97B-C8956EE104C5}.RelWithDebInfo|x64.ActiveCfg = RelWithDebInfo|x64
		{BA57722B-77F5-3094-A97B-C8956EE104C5}.RelWithDebInfo|x64.Build.0 = RelWithDebInfo|x64
		{271662DF-458D-308C-AC3E-F8AD1BAE948A}.Debug|x64.ActiveCfg = Debug|x64
		{271662DF-458D-308C-AC3E-F8AD1BAE948A}.Debug|x64.Build.0 = Debug|x64
		{271662DF-458D-308C-AC3E-F8AD1BAE948A}.Release|x64.ActiveCfg = Release|x64
		{271662DF-458D-308C-AC3E-F8AD1BAE948A}.Release|x64.Build.0 = Release|x64
		{271662DF-458D-308C-AC3E-F8AD1BAE948A}.MinSizeRel|x64.ActiveCfg = MinSizeRel|x64
		{271662DF-458D-308C-AC3E-F8AD1BAE948A}.MinSizeRel|x64.Build.0 = MinSizeRel|x64
		{271662DF-458D-308C-AC3E-F8AD1BAE948A}.RelWithDebInfo|x64.ActiveCfg = RelWithDebInfo|x64
		{271662DF-458D-308C-AC3E-F8AD1BAE948A}.RelWithDebInfo|x64.Build.0 = RelWithDebInfo|x64
		{C87BCB75-C6C9-32E6-9B69-AF4916A9721F}.Debug|x64.ActiveCfg = Debug|x64
		{C87BCB75-C6C9-32E6-9B69-AF4916A9721F}.Debug|x64.Build.0 = Debug|x64
		{C87BCB75-C6C9-32E6-9B69-AF4916A9721F}.Release|x64.ActiveCfg = Release|x64
		{C87BCB75-C6C9-32E6-9B69-AF4916A9721F}.Release|x64.Build.0 = Release|x64
		{C87BCB75-C6C9-32E6-9B69-AF4916A9721F}.MinSizeRel|x64.ActiveCfg = MinSizeRel|x64
		{C87BCB75-C6C9-32E6-9B69-AF4916A9721F}.MinSizeRel|x64.Build.0 = MinSizeRel|x64
		{C87BCB75-C6C9-32E6-9B69-AF4916A9721F}.RelWithDebInfo|x64.ActiveCfg = RelWithDebInfo|x64
		{C87BCB75-C6C9-32E6-9B69-AF4916A9721F}.RelWithDebInfo|x64.Build.0 = RelWithDebInfo|x64
		{E0D7635E-738C-383E-AF7A-40CA422E85FC}.Debug|x64.ActiveCfg = Debug|x64
		{E0D7635E-738C-383E-AF7A-40CA422E85FC}.Debug|x64.Build.0 = Debug|x64
		{E0D7635E-738C-383E-AF7A-40CA422E85FC}.Release|x64.ActiveCfg = Release|x64
		{E0D7635E-738C-383E-AF7A-40CA422E85FC}.Release|x64.Build.0 = Release|x64
		{E0D7635E-738C-383E-AF7A-40CA422E85FC}.MinSizeRel|x64.ActiveCfg = MinSizeRel|x64
		{E0D7635E-738C-383E-AF7A-40CA422E85FC}.MinSizeRel|x64.Build.0 = MinSizeRel|x64
		{E0D7635E-738C-383E-AF7A-40CA422E85FC}.RelWithDebInfo|x64.ActiveCfg = RelWithDebInfo|x64
		{E0D7635E-738C-383E-AF7A-40CA422E85FC}.RelWithDebInfo|x64.Build.0 = RelWithDebInfo|x64
		{8BBD0EF4-4A87-3900-8223-A9C853A50FEF}.Debug|x64.ActiveCfg = Debug|x64
		{8BBD0EF4-4A87-3900-8223-A9C853A50FEF}.Debug|x64.Build.0 = Debug|x64
		{8BBD0EF4-4A87-3900-8223-A9C853A50FEF}.Release|x64.ActiveCfg = Release|x64
		{8BBD0EF4-4A87-3900-8223-A9C853A50FEF}.Release|x64.Build.0 = Release|x64
		{8BBD0EF4-4A87-3900-8223-A9C853A50FEF}.MinSizeRel|x64.ActiveCfg = MinSizeRel|x64
		{8BBD0EF4-4A87-3900-8223-A9C853A50FEF}.MinSizeRel|x64.Build.0 = MinSizeRel|x64
		{8BBD0EF4-4A87-3900-8223-A9C853A50FEF}.RelWithDebInfo|x64.ActiveCfg = RelWithDebInfo|x64
		{8BBD0EF4-4A87-3900-8223-A9C853A50FEF}.RelWithDebInfo|x64.Build.0 = RelWithDebInfo|x64
		{773257EA-AF47-335F-9D92-AE8FC869F9E3}.Debug|x64.ActiveCfg = Debug|x64
		{773257EA-AF47-335F-9D92-AE8FC869F9E3}.Debug|x64.Build.0 = Debug|x64
		{773257EA-AF47-335F-9D92-AE8FC869F9E3}.Release|x64.ActiveCfg = Release|x64
		{773257EA-AF47-335F-9D92-AE8FC869F9E3}.Release|x64.Build.0 = Release|x64
		{773257EA-AF47-335F-9D92-AE8FC869F9E3}.MinSizeRel|x64.ActiveCfg = MinSizeRel|x64
		{773257EA-AF47-335F-9D92-AE8FC869F9E3}.MinSizeRel|x64.Build.0 = MinSizeRel|x64
		{773257EA-AF47-335F-9D92-AE8FC869F9E3}.RelWithDebInfo|x64.ActiveCfg = RelWithDebInfo|x64
		{773257EA-AF47-335F-9D92-AE8FC869F9E3}.RelWithDebInfo|x64.Build.0 = RelWithDebInfo|x64
		{B7A55AB5-BB56-3B47-8D1F-7AC1EC4F5C0B}.Debug|x64.ActiveCfg = Debug|x64
		{B7A55AB5-BB56-3B47-8D1F-7AC1EC4F5C0B}.Debug|x64.Build.0 = Debug|x64
		{B7A55AB5-BB56-3B47-8D1F-7AC1EC4F5C0B}.Release|x64.ActiveCfg = Release|x64
		{B7A55AB5-BB56-3B47-8D1F-7AC1EC4F5C0B}.Release|x64.Build.0 = Release|x64
		{B7A55AB5-BB56-3B47-8D1F-7AC1EC4F5C0B}.MinSizeRel|x64.ActiveCfg = MinSizeRel|x64
		{B7A55AB5-BB56-3B47-8D1F-7AC1EC4F5C0B}.MinSizeRel|x64.Build.0 = MinSizeRel|x64
		{B7A55AB5-BB56-3B47-8D1F-7AC1EC4F5C0B}.RelWithDebInfo|x64.ActiveCfg = RelWithDebInfo|x64
		{B7A55AB5-BB56-3B47-8D1F-7AC1EC4F5C0B}.RelWithDebInfo|x64.Build.0 = RelWithDebInfo|x64
		{18DC6A04-5D3B-3DEE-88AD-5E9EBF153639}.Debug|x64.ActiveCfg = Debug|x64
		{18DC6A04-5D3B-3DEE-88AD-5E9EBF153639}.Debug|x64.Build.0 = Debug|x64
		{18DC6A04-5D3B-3DEE-88AD-5E9EBF153639}.Release|x64.ActiveCfg = Release|x64
		{18DC6A04-5D3B-3DEE-88AD-5E9EBF153639}.Release|x64.Build.0 = Release|x64
		{18DC6A04-5D3B-3DEE-88AD-5E9EBF153639}.MinSizeRel|x64.ActiveCfg = MinSizeRel|x64
		{18DC6A04-5D3B-3DEE-88AD-5E9EBF153639}.MinSizeRel|x64.Build.0 = MinSizeRel|x64
		{18DC6A04-5D3B-3DEE-88AD-5E9EBF153639}.RelWithDebInfo|x64.ActiveCfg = RelWithDebInfo|x64
		{18DC6A04-5D3B-3DEE-88AD-5E9EBF153639}.RelWithDebInfo|x64.Build.0 = RelWithDebInfo|x64
		{B6CFD7C1-4859-3D9C-81F5-54FF08A669B7}.Debug|x64.ActiveCfg = Debug|x64
		{B6CFD7C1-4859-3D9C-81F5-54FF08A669B7}.Debug|x64.Build.0 = Debug|x64
		{B6CFD7C1-4859-3D9C-81F5-54FF08A669B7}.Release|x64.ActiveCfg = Release|x64
		{B6CFD7C1-4859-3D9C-81F5-54FF08A669B7}.Release|x64.Build.0 = Release|x64
		{B6CFD7C1-4859-3D9C-81F5-54FF08A669B7}.MinSizeRel|x64.ActiveCfg = MinSizeRel|x64
		{B6CFD7C1-4859-3D9C-81F5-54FF08A669B7}.MinSizeRel|x64.Build.0 = MinSizeRel|x64
		{B6CFD7C1-4859-3D9C-81F5-54FF08A669B7}.RelWithDebInfo|x64.ActiveCfg = RelWithDebInfo|x64
		{B6CFD7C1-4859-3D9C-81F5-54FF08A669B7}.RelWithDebInfo|x64.Build.0 = RelWithDebInfo|x64
		{CB7B1515-8F18-3ED8-A5C7-2298D447CE6B}.Debug|x64.ActiveCfg = Debug|x64
		{CB7B1515-8F18-3ED8-A5C7-2298D447CE6B}.Debug|x64.Build.0 = Debug|x64
		{CB7B1515-8F18-3ED8-A5C7-2298D447CE6B}.Release|x64.ActiveCfg = Release|x64
		{CB7B1515-8F18-3ED8-A5C7-2298D447CE6B}.Release|x64.Build.0 = Release|x64
		{CB7B1515-8F18-3ED8-A5C7-2298D447CE6B}.MinSizeRel|x64.ActiveCfg = MinSizeRel|x64
		{CB7B1515-8F18-3ED8-A5C7-2298D447CE6B}.MinSizeRel|x64.Build.0 = MinSizeRel|x64
		{CB7B1515-8F18-3ED8-A5C7-2298D447CE6B}.RelWithDebInfo|x64.ActiveCfg = RelWithDebInfo|x64
		{CB7B1515-8F18-3ED8-A5C7-2298D447CE6B}.RelWithDebInfo|x64.Build.0 = RelWithDebInfo|x64
		{77EB827E-8F1C-3036-8F1B-2F3FA80B677B}.Debug|x64.ActiveCfg = Debug|x64
		{77EB827E-8F1C-3036-8F1B-2F3FA80B677B}.Debug|x64.Build.0 = Debug|x64
		{77EB827E-8F1C-3036-8F1B-2F3FA80B677B}.Release|x64.ActiveCfg = Release|x64
		{77EB827E-8F1C-3036-8F1B-2F3FA80B677B}.Release|x64.Build.0 = Release|x64
		{77EB827E-8F1C-3036-8F1B-2F3FA80B677B}.MinSizeRel|x64.ActiveCfg = MinSizeRel|x64
		{77EB827E-8F1C-3036-8F1B-2F3FA80B677B}.MinSizeRel|x64.Build.0 = MinSizeRel|x64
		{77EB827E-8F1C-3036-8F1B-2F3FA80B677B}.RelWithDebInfo|x64.ActiveCfg = RelWithDebInfo|x64
		{77EB827E-8F1C-3036-8F1B-2F3FA80B677B}.RelWithDebInfo|x64.Build.0 = RelWithDebInfo|x64
		{7A4CCC8A-BF2F-3371-9B92-FC857CFBA72A}.Debug|x64.ActiveCfg = Debug|x64
		{7A4CCC8A-BF2F-3371-9B92-FC857CFBA72A}.Debug|x64.Build.0 = Debug|x64
		{7A4CCC8A-BF2F-3371-9B92-FC857CFBA72A}.Release|x64.ActiveCfg = Release|x64
		{7A4CCC8A-BF2F-3371-9B92-FC857CFBA72A}.Release|x64.Build.0 = Release|x64
		{7A4CCC8A-BF2F-3371-9B92-FC857CFBA72A}.MinSizeRel|x64.ActiveCfg = MinSizeRel|x64
		{7A4CCC8A-BF2F-3371-9B92-FC857CFBA72A}.MinSizeRel|x64.Build.0 = MinSizeRel|x64
		{7A4CCC8A-BF2F-3371-9B92-FC857CFBA72A}.RelWithDebInfo|x64.ActiveCfg = RelWithDebInfo|x64
		{7A4CCC8A-BF2F-3371-9B92-FC857CFBA72A}.RelWithDebInfo|x64.Build.0 = RelWithDebInfo|x64
		{4574E617-159F-3BB7-BFB3-C791A16A69C8}.Debug|x64.ActiveCfg = Debug|x64
		{4574E617-159F-3BB7-BFB3-C791A16A69C8}.Debug|x64.Build.0 = Debug|x64
		{4574E617-159F-3BB7-BFB3-C791A16A69C8}.Release|x64.ActiveCfg = Release|x64
		{4574E617-159F-3BB7-BFB3-C791A16A69C8}.Release|x64.Build.0 = Release|x64
		{4574E617-159F-3BB7-BFB3-C791A16A69C8}.MinSizeRel|x64.ActiveCfg = MinSizeRel|x64
		{4574E617-159F-3BB7-BFB3-C791A16A69C8}.MinSizeRel|x64.Build.0 = MinSizeRel|x64
		{4574E617-159F-3BB7-BFB3-C791A16A69C8}.RelWithDebInfo|x64.ActiveCfg = RelWithDebInfo|x64
		{4574E617-159F-3BB7-BFB3-C791A16A69C8}.RelWithDebInfo|x64.Build.0 = RelWithDebInfo|x64
		{A2971545-63D9-31EC-A47F-45662CACF7C4}.Debug|x64.ActiveCfg = Debug|x64
		{A2971545-63D9-31EC-A47F-45662CACF7C4}.Debug|x64.Build.0 = Debug|x64
		{A2971545-63D9-31EC-A47F-45662CACF7C4}.Release|x64.ActiveCfg = Release|x64
		{A2971545-63D9-31EC-A47F-45662CACF7C4}.Release|x64.Build.0 = Release|x64
		{A2971545-63D9-31EC-A47F-45662CACF7C4}.MinSizeRel|x64.ActiveCfg = MinSizeRel|x64
		{A2971545-63D9-31EC-A47F-45662CACF7C4}.MinSizeRel|x64.Build.0 = MinSizeRel|x64
		{A2971545-63D9-31EC-A47F-45662CACF7C4}.RelWithDebInfo|x64.ActiveCfg = RelWithDebInfo|x64
		{A2971545-63D9-31EC-A47F-45662CACF7C4}.RelWithDebInfo|x64.Build.0 = RelWithDebInfo|x64
		{79FA9241-7FA5-3846-9458-67659B916758}.Debug|x64.ActiveCfg = Debug|x64
		{79FA9241-7FA5-3846-9458-67659B916758}.Debug|x64.Build.0 = Debug|x64
		{79FA9241-7FA5-3846-9458-67659B916758}.Release|x64.ActiveCfg = Release|x64
		{79FA9241-7FA5-3846-9458-67659B916758}.Release|x64.Build.0 = Release|x64
		{79FA9241-7FA5-3846-9458-67659B916758}.MinSizeRel|x64.ActiveCfg = MinSizeRel|x64
		{79FA9241-7FA5-3846-9458-67659B916758}.MinSizeRel|x64.Build.0 = MinSizeRel|x64
		{79FA9241-7FA5-3846-9458-67659B916758}.RelWithDebInfo|x64.ActiveCfg = RelWithDebInfo|x64
		{79FA9241-7FA5-3846-9458-67659B916758}.RelWithDebInfo|x64.Build.0 = RelWithDebInfo|x64
		{C32B7939-E25D-34FF-977D-49FEE84FFF37}.Debug|x64.ActiveCfg = Debug|x64
		{C32B7939-E25D-34FF-977D-49FEE84FFF37}.Debug|x64.Build.0 = Debug|x64
		{C32B7939-E25D-34FF-977D-49FEE84FFF37}.Release|x64.ActiveCfg = Release|x64
		{C32B7939-E25D-34FF-977D-49FEE84FFF37}.Release|x64.Build.0 = Release|x64
		{C32B7939-E25D-34FF-977D-49FEE84FFF37}.MinSizeRel|x64.ActiveCfg = MinSizeRel|x64
		{C32B7939-E25D-34FF-977D-49FEE84FFF37}.MinSizeRel|x64.Build.0 = MinSizeRel|x64
		{C32B7939-E25D-34FF-977D-49FEE84FFF37}.RelWithDebInfo|x64.ActiveCfg = RelWithDebInfo|x64
		{C32B7939-E25D-34FF-977D-49FEE84FFF37}.RelWithDebInfo|x64.Build.0 = RelWithDebInfo|x64
		{3C7B7AA3-FF17-3102-89FC-B10A14DD99EC}.Debug|x64.ActiveCfg = Debug|x64
		{3C7B7AA3-FF17-3102-89FC-B10A14DD99EC}.Release|x64.ActiveCfg = Release|x64
		{3C7B7AA3-FF17-3102-89FC-B10A14DD99EC}.MinSizeRel|x64.ActiveCfg = MinSizeRel|x64
		{3C7B7AA3-FF17-3102-89FC-B10A14DD99EC}.RelWithDebInfo|x64.ActiveCfg = RelWithDebInfo|x64
		{16B79F38-65E9-317A-BE0D-C3E34F96FAFC}.Debug|x64.ActiveCfg = Debug|x64
		{16B79F38-65E9-317A-BE0D-C3E34F96FAFC}.Debug|x64.Build.0 = Debug|x64
		{16B79F38-65E9-317A-BE0D-C3E34F96FAFC}.Release|x64.ActiveCfg = Release|x64
		{16B79F38-65E9-317A-BE0D-C3E34F96FAFC}.Release|x64.Build.0 = Release|x64
		{16B79F38-65E9-317A-BE0D-C3E34F96FAFC}.MinSizeRel|x64.ActiveCfg = MinSizeRel|x64
		{16B79F38-65E9-317A-BE0D-C3E34F96FAFC}.MinSizeRel|x64.Build.0 = MinSizeRel|x64
		{16B79F38-65E9-317A-BE0D-C3E34F96FAFC}.RelWithDebInfo|x64.ActiveCfg = RelWithDebInfo|x64
		{16B79F38-65E9-317A-BE0D-C3E34F96FAFC}.RelWithDebInfo|x64.Build.0 = RelWithDebInfo|x64
		{F69F364C-5F1F-3674-ADAB-D3FBA2F2B942}.Debug|x64.ActiveCfg = Debug|x64
		{F69F364C-5F1F-3674-ADAB-D3FBA2F2B942}.Debug|x64.Build.0 = Debug|x64
		{F69F364C-5F1F-3674-ADAB-D3FBA2F2B942}.Release|x64.ActiveCfg = Release|x64
		{F69F364C-5F1F-3674-ADAB-D3FBA2F2B942}.Release|x64.Build.0 = Release|x64
		{F69F364C-5F1F-3674-ADAB-D3FBA2F2B942}.MinSizeRel|x64.ActiveCfg = MinSizeRel|x64
		{F69F364C-5F1F-3674-ADAB-D3FBA2F2B942}.MinSizeRel|x64.Build.0 = MinSizeRel|x64
		{F69F364C-5F1F-3674-ADAB-D3FBA2F2B942}.RelWithDebInfo|x64.ActiveCfg = RelWithDebInfo|x64
		{F69F364C-5F1F-3674-ADAB-D3FBA2F2B942}.RelWithDebInfo|x64.Build.0 = RelWithDebInfo|x64
	EndGlobalSection
	GlobalSection(NestedProjects) = preSolution
		{7FD94E01-B111-3DA4-A89F-207C3AD462B0} = {8F770854-264E-3236-B034-7F7377BF8907}
		{50A0FB1D-F5A1-34E9-95CD-F61067650C1A} = {8F770854-264E-3236-B034-7F7377BF8907}
		{89FD9E47-BC5A-3E84-9307-BEAB22487314} = {8F770854-264E-3236-B034-7F7377BF8907}
		{A7EE157D-F597-3DAA-98FD-1F492388AAAA} = {9D7616D1-BA3A-3924-ACFF-959A2808F565}
		{8C80EDD7-0145-320F-8C0F-B9B6640D9311} = {9D7616D1-BA3A-3924-ACFF-959A2808F565}
		{1B2D505A-81FC-37BC-B6B9-528D8F1B4F6A} = {9D7616D1-BA3A-3924-ACFF-959A2808F565}
		{AFB14833-0C4B-3C01-8237-6400FA83DBC6} = {A7EE157D-F597-3DAA-98FD-1F492388AAAA}
		{C37624D8-D8D7-3383-A154-1BF64CCEE8B4} = {A7EE157D-F597-3DAA-98FD-1F492388AAAA}
		{271662DF-458D-308C-AC3E-F8AD1BAE948A} = {A7EE157D-F597-3DAA-98FD-1F492388AAAA}
		{18DC6A04-5D3B-3DEE-88AD-5E9EBF153639} = {A7EE157D-F597-3DAA-98FD-1F492388AAAA}
		{77EB827E-8F1C-3036-8F1B-2F3FA80B677B} = {A7EE157D-F597-3DAA-98FD-1F492388AAAA}
		{7A4CCC8A-BF2F-3371-9B92-FC857CFBA72A} = {A7EE157D-F597-3DAA-98FD-1F492388AAAA}
		{16B79F38-65E9-317A-BE0D-C3E34F96FAFC} = {A7EE157D-F597-3DAA-98FD-1F492388AAAA}
		{598AA816-5A48-3EFE-9B96-6A96D057809A} = {8C80EDD7-0145-320F-8C0F-B9B6640D9311}
		{0C4C78FE-0B13-3CA2-BCD1-D798153880F4} = {8C80EDD7-0145-320F-8C0F-B9B6640D9311}
		{78D0BB5A-FCF1-3DBF-9349-901CD8F046A2} = {8C80EDD7-0145-320F-8C0F-B9B6640D9311}
		{F9BA887B-1A7A-31FA-B4C1-7962FFBDB058} = {8C80EDD7-0145-320F-8C0F-B9B6640D9311}
		{AFCAE5F7-34DF-30B0-8FA9-CD1E73FE3CC7} = {8C80EDD7-0145-320F-8C0F-B9B6640D9311}
		{BA57722B-77F5-3094-A97B-C8956EE104C5} = {8C80EDD7-0145-320F-8C0F-B9B6640D9311}
		{C87BCB75-C6C9-32E6-9B69-AF4916A9721F} = {8C80EDD7-0145-320F-8C0F-B9B6640D9311}
		{E0D7635E-738C-383E-AF7A-40CA422E85FC} = {8C80EDD7-0145-320F-8C0F-B9B6640D9311}
		{8BBD0EF4-4A87-3900-8223-A9C853A50FEF} = {8C80EDD7-0145-320F-8C0F-B9B6640D9311}
		{773257EA-AF47-335F-9D92-AE8FC869F9E3} = {8C80EDD7-0145-320F-8C0F-B9B6640D9311}
		{B7A55AB5-BB56-3B47-8D1F-7AC1EC4F5C0B} = {8C80EDD7-0145-320F-8C0F-B9B6640D9311}
		{B6CFD7C1-4859-3D9C-81F5-54FF08A669B7} = {8C80EDD7-0145-320F-8C0F-B9B6640D9311}
		{CB7B1515-8F18-3ED8-A5C7-2298D447CE6B} = {8C80EDD7-0145-320F-8C0F-B9B6640D9311}
		{4574E617-159F-3BB7-BFB3-C791A16A69C8} = {8C80EDD7-0145-320F-8C0F-B9B6640D9311}
		{A2971545-63D9-31EC-A47F-45662CACF7C4} = {8C80EDD7-0145-320F-8C0F-B9B6640D9311}
		{79FA9241-7FA5-3846-9458-67659B916758} = {8C80EDD7-0145-320F-8C0F-B9B6640D9311}
		{C32B7939-E25D-34FF-977D-49FEE84FFF37} = {8C80EDD7-0145-320F-8C0F-B9B6640D9311}
		{F69F364C-5F1F-3674-ADAB-D3FBA2F2B942} = {8C80EDD7-0145-320F-8C0F-B9B6640D9311}
	EndGlobalSection
	GlobalSection(ExtensibilityGlobals) = postSolution
		SolutionGuid = {8B441627-A09F-31FE-91E5-3E72135CAEDC}
	EndGlobalSection
	GlobalSection(ExtensibilityAddIns) = postSolution
	EndGlobalSection
EndGlobal
