Microsoft Visual Studio Solution File, Format Version 12.00
# Visual Studio 16
Project("{2150E333-8FDC-42A3-9474-1A3956D46DE8}") = "CMakePredefinedTargets", "CMakePredefinedTargets", "{EC66F0D1-4A73-3481-9684-CA5C09E71252}"
EndProject
Project("{2150E333-8FDC-42A3-9474-1A3956D46DE8}") = "GLFW3", "GLFW3", "{568C9200-35DB-3075-A9B9-74DCBAFA75BF}"
EndProject
Project("{2150E333-8FDC-42A3-9474-1A3956D46DE8}") = "Examples", "GLFW3\Examples", "{137C6418-FD4D-340A-95C6-92F5AE416B38}"
EndProject
Project("{2150E333-8FDC-42A3-9474-1A3956D46DE8}") = "Tests", "GLFW3\Tests", "{27AE3702-4BD1-364D-9881-9E7AF27E2D77}"
EndProject
Project("{8BC9CEB8-8B4A-11D0-8D11-00A0C91BC942}") = "ALL_BUILD", "ALL_BUILD.vcxproj", "{24C68757-77C1-308C-AC9A-CA645A0F1E6D}"
	ProjectSection(ProjectDependencies) = postProject
		{07CC2472-B2C7-320F-9C56-69F800FFE4A2} = {07CC2472-B2C7-320F-9C56-69F800FFE4A2}
		{CCB3EE09-74B1-338D-851A-C987B58F19E4} = {CCB3EE09-74B1-338D-851A-C987B58F19E4}
		{195BB88E-0A3B-34C1-9ABE-1BC7B234CEB3} = {195BB88E-0A3B-34C1-9ABE-1BC7B234CEB3}
		{AF693B8B-ADB9-30D1-A42A-EFD9B7D6EE4B} = {AF693B8B-ADB9-30D1-A42A-EFD9B7D6EE4B}
		{55F638FF-4F1C-31F2-94F6-D49F6C9A66A4} = {55F638FF-4F1C-31F2-94F6-D49F6C9A66A4}
		{C393343B-1AA7-32F7-8A96-4EDD5C42DE08} = {C393343B-1AA7-32F7-8A96-4EDD5C42DE08}
		{34876138-9175-3847-8B7C-DCEC7D85CC20} = {34876138-9175-3847-8B7C-DCEC7D85CC20}
		{404F182F-1180-3097-B4E3-9B9CB212605A} = {404F182F-1180-3097-B4E3-9B9CB212605A}
		{8726DAA8-CD42-3A46-93BF-AE22B0DE3CE9} = {8726DAA8-CD42-3A46-93BF-AE22B0DE3CE9}
		{F971A3AD-8552-3D83-99FC-0F5A448B1FF4} = {F971A3AD-8552-3D83-99FC-0F5A448B1FF4}
		{829322D6-240D-3919-BBC1-9A15DF831BBD} = {829322D6-240D-3919-BBC1-9A15DF831BBD}
		{AAB1467F-DAA2-31CD-B3A4-28FEB1058D15} = {AAB1467F-DAA2-31CD-B3A4-28FEB1058D15}
		{9A3BEDF9-60F2-3D3F-A125-EDA1D6780BE2} = {9A3BEDF9-60F2-3D3F-A125-EDA1D6780BE2}
		{B0565C53-D2F2-3972-9EED-EF1F7C01FFFE} = {B0565C53-D2F2-3972-9EED-EF1F7C01FFFE}
		{3AE2B8D1-935B-3DB0-8C18-CC4F0BD252D2} = {3AE2B8D1-935B-3DB0-8C18-CC4F0BD252D2}
		{5804E2E4-C761-3F5E-9476-35CB6A887DD6} = {5804E2E4-C761-3F5E-9476-35CB6A887DD6}
		{4162DB88-DA2E-3719-B59D-E67AA8C433BE} = {4162DB88-DA2E-3719-B59D-E67AA8C433BE}
		{847CD515-5176-3C75-8DFF-8D712632AD40} = {847CD515-5176-3C75-8DFF-8D712632AD40}
		{636DC196-29FF-3335-B8D1-E990DD9BCBE2} = {636DC196-29FF-3335-B8D1-E990DD9BCBE2}
		{FE910E47-9616-3A20-AC7F-5873A8212D46} = {FE910E47-9616-3A20-AC7F-5873A8212D46}
		{33C6DAEE-4764-377A-AF6A-8CAFA06449DA} = {33C6DAEE-4764-377A-AF6A-8CAFA06449DA}
		{C66DE1A0-E97E-3CF8-B556-4444BF54CF9E} = {C66DE1A0-E97E-3CF8-B556-4444BF54CF9E}
		{E2F85FDE-E78E-3726-A217-4B1B8B5CDAE2} = {E2F85FDE-E78E-3726-A217-4B1B8B5CDAE2}
		{204023FC-42A2-398E-A267-FB0F0817DFB4} = {204023FC-42A2-398E-A267-FB0F0817DFB4}
		{E0AC9ABF-6ACF-35CC-A784-A7728939EE62} = {E0AC9ABF-6ACF-35CC-A784-A7728939EE62}
		{006F617E-9517-3FB5-BBA6-889C2CD6575B} = {006F617E-9517-3FB5-BBA6-889C2CD6575B}
		{F5B8E5CB-24E8-30DC-949F-E7D6525E7113} = {F5B8E5CB-24E8-30DC-949F-E7D6525E7113}
	EndProjectSection
EndProject
Project("{8BC9CEB8-8B4A-11D0-8D11-00A0C91BC942}") = "INSTALL", "INSTALL.vcxproj", "{A7AEF204-7D48-3392-B09F-86FB30A4801B}"
	ProjectSection(ProjectDependencies) = postProject
		{24C68757-77C1-308C-AC9A-CA645A0F1E6D} = {24C68757-77C1-308C-AC9A-CA645A0F1E6D}
		{07CC2472-B2C7-320F-9C56-69F800FFE4A2} = {07CC2472-B2C7-320F-9C56-69F800FFE4A2}
	EndProjectSection
EndProject
Project("{8BC9CEB8-8B4A-11D0-8D11-00A0C91BC942}") = "ZERO_CHECK", "ZERO_CHECK.vcxproj", "{07CC2472-B2C7-320F-9C56-69F800FFE4A2}"
	ProjectSection(ProjectDependencies) = postProject
	EndProjectSection
EndProject
Project("{8BC9CEB8-8B4A-11D0-8D11-00A0C91BC942}") = "boing", "examples\boing.vcxproj", "{CCB3EE09-74B1-338D-851A-C987B58F19E4}"
	ProjectSection(ProjectDependencies) = postProject
		{07CC2472-B2C7-320F-9C56-69F800FFE4A2} = {07CC2472-B2C7-320F-9C56-69F800FFE4A2}
		{8726DAA8-CD42-3A46-93BF-AE22B0DE3CE9} = {8726DAA8-CD42-3A46-93BF-AE22B0DE3CE9}
	EndProjectSection
EndProject
Project("{8BC9CEB8-8B4A-11D0-8D11-00A0C91BC942}") = "clipboard", "tests\clipboard.vcxproj", "{195BB88E-0A3B-34C1-9ABE-1BC7B234CEB3}"
	ProjectSection(ProjectDependencies) = postProject
		{07CC2472-B2C7-320F-9C56-69F800FFE4A2} = {07CC2472-B2C7-320F-9C56-69F800FFE4A2}
		{8726DAA8-CD42-3A46-93BF-AE22B0DE3CE9} = {8726DAA8-CD42-3A46-93BF-AE22B0DE3CE9}
	EndProjectSection
EndProject
Project("{8BC9CEB8-8B4A-11D0-8D11-00A0C91BC942}") = "cursor", "tests\cursor.vcxproj", "{AF693B8B-ADB9-30D1-A42A-EFD9B7D6EE4B}"
	ProjectSection(ProjectDependencies) = postProject
		{07CC2472-B2C7-320F-9C56-69F800FFE4A2} = {07CC2472-B2C7-320F-9C56-69F800FFE4A2}
		{8726DAA8-CD42-3A46-93BF-AE22B0DE3CE9} = {8726DAA8-CD42-3A46-93BF-AE22B0DE3CE9}
	EndProjectSection
EndProject
Project("{8BC9CEB8-8B4A-11D0-8D11-00A0C91BC942}") = "empty", "tests\empty.vcxproj", "{55F638FF-4F1C-31F2-94F6-D49F6C9A66A4}"
	ProjectSection(ProjectDependencies) = postProject
		{07CC2472-B2C7-320F-9C56-69F800FFE4A2} = {07CC2472-B2C7-320F-9C56-69F800FFE4A2}
		{8726DAA8-CD42-3A46-93BF-AE22B0DE3CE9} = {8726DAA8-CD42-3A46-93BF-AE22B0DE3CE9}
	EndProjectSection
EndProject
Project("{8BC9CEB8-8B4A-11D0-8D11-00A0C91BC942}") = "events", "tests\events.vcxproj", "{C393343B-1AA7-32F7-8A96-4EDD5C42DE08}"
	ProjectSection(ProjectDependencies) = postProject
		{07CC2472-B2C7-320F-9C56-69F800FFE4A2} = {07CC2472-B2C7-320F-9C56-69F800FFE4A2}
		{8726DAA8-CD42-3A46-93BF-AE22B0DE3CE9} = {8726DAA8-CD42-3A46-93BF-AE22B0DE3CE9}
	EndProjectSection
EndProject
Project("{8BC9CEB8-8B4A-11D0-8D11-00A0C91BC942}") = "gamma", "tests\gamma.vcxproj", "{34876138-9175-3847-8B7C-DCEC7D85CC20}"
	ProjectSection(ProjectDependencies) = postProject
		{07CC2472-B2C7-320F-9C56-69F800FFE4A2} = {07CC2472-B2C7-320F-9C56-69F800FFE4A2}
		{8726DAA8-CD42-3A46-93BF-AE22B0DE3CE9} = {8726DAA8-CD42-3A46-93BF-AE22B0DE3CE9}
	EndProjectSection
EndProject
Project("{8BC9CEB8-8B4A-11D0-8D11-00A0C91BC942}") = "gears", "examples\gears.vcxproj", "{404F182F-1180-3097-B4E3-9B9CB212605A}"
	ProjectSection(ProjectDependencies) = postProject
		{07CC2472-B2C7-320F-9C56-69F800FFE4A2} = {07CC2472-B2C7-320F-9C56-69F800FFE4A2}
		{8726DAA8-CD42-3A46-93BF-AE22B0DE3CE9} = {8726DAA8-CD42-3A46-93BF-AE22B0DE3CE9}
	EndProjectSection
EndProject
Project("{8BC9CEB8-8B4A-11D0-8D11-00A0C91BC942}") = "glfw", "src\glfw.vcxproj", "{8726DAA8-CD42-3A46-93BF-AE22B0DE3CE9}"
	ProjectSection(ProjectDependencies) = postProject
		{07CC2472-B2C7-320F-9C56-69F800FFE4A2} = {07CC2472-B2C7-320F-9C56-69F800FFE4A2}
	EndProjectSection
EndProject
Project("{8BC9CEB8-8B4A-11D0-8D11-00A0C91BC942}") = "glfwinfo", "tests\glfwinfo.vcxproj", "{F971A3AD-8552-3D83-99FC-0F5A448B1FF4}"
	ProjectSection(ProjectDependencies) = postProject
		{07CC2472-B2C7-320F-9C56-69F800FFE4A2} = {07CC2472-B2C7-320F-9C56-69F800FFE4A2}
		{8726DAA8-CD42-3A46-93BF-AE22B0DE3CE9} = {8726DAA8-CD42-3A46-93BF-AE22B0DE3CE9}
	EndProjectSection
EndProject
Project("{8BC9CEB8-8B4A-11D0-8D11-00A0C91BC942}") = "heightmap", "examples\heightmap.vcxproj", "{829322D6-240D-3919-BBC1-9A15DF831BBD}"
	ProjectSection(ProjectDependencies) = postProject
		{07CC2472-B2C7-320F-9C56-69F800FFE4A2} = {07CC2472-B2C7-320F-9C56-69F800FFE4A2}
		{8726DAA8-CD42-3A46-93BF-AE22B0DE3CE9} = {8726DAA8-CD42-3A46-93BF-AE22B0DE3CE9}
	EndProjectSection
EndProject
Project("{8BC9CEB8-8B4A-11D0-8D11-00A0C91BC942}") = "icon", "tests\icon.vcxproj", "{AAB1467F-DAA2-31CD-B3A4-28FEB1058D15}"
	ProjectSection(ProjectDependencies) = postProject
		{07CC2472-B2C7-320F-9C56-69F800FFE4A2} = {07CC2472-B2C7-320F-9C56-69F800FFE4A2}
		{8726DAA8-CD42-3A46-93BF-AE22B0DE3CE9} = {8726DAA8-CD42-3A46-93BF-AE22B0DE3CE9}
	EndProjectSection
EndProject
Project("{8BC9CEB8-8B4A-11D0-8D11-00A0C91BC942}") = "iconify", "tests\iconify.vcxproj", "{9A3BEDF9-60F2-3D3F-A125-EDA1D6780BE2}"
	ProjectSection(ProjectDependencies) = postProject
		{07CC2472-B2C7-320F-9C56-69F800FFE4A2} = {07CC2472-B2C7-320F-9C56-69F800FFE4A2}
		{8726DAA8-CD42-3A46-93BF-AE22B0DE3CE9} = {8726DAA8-CD42-3A46-93BF-AE22B0DE3CE9}
	EndProjectSection
EndProject
Project("{8BC9CEB8-8B4A-11D0-8D11-00A0C91BC942}") = "joysticks", "tests\joysticks.vcxproj", "{B0565C53-D2F2-3972-9EED-EF1F7C01FFFE}"
	ProjectSection(ProjectDependencies) = postProject
		{07CC2472-B2C7-320F-9C56-69F800FFE4A2} = {07CC2472-B2C7-320F-9C56-69F800FFE4A2}
		{8726DAA8-CD42-3A46-93BF-AE22B0DE3CE9} = {8726DAA8-CD42-3A46-93BF-AE22B0DE3CE9}
	EndProjectSection
EndProject
Project("{8BC9CEB8-8B4A-11D0-8D11-00A0C91BC942}") = "monitors", "tests\monitors.vcxproj", "{3AE2B8D1-935B-3DB0-8C18-CC4F0BD252D2}"
	ProjectSection(ProjectDependencies) = postProject
		{07CC2472-B2C7-320F-9C56-69F800FFE4A2} = {07CC2472-B2C7-320F-9C56-69F800FFE4A2}
		{8726DAA8-CD42-3A46-93BF-AE22B0DE3CE9} = {8726DAA8-CD42-3A46-93BF-AE22B0DE3CE9}
	EndProjectSection
EndProject
Project("{8BC9CEB8-8B4A-11D0-8D11-00A0C91BC942}") = "msaa", "tests\msaa.vcxproj", "{5804E2E4-C761-3F5E-9476-35CB6A887DD6}"
	ProjectSection(ProjectDependencies) = postProject
		{07CC2472-B2C7-320F-9C56-69F800FFE4A2} = {07CC2472-B2C7-320F-9C56-69F800FFE4A2}
		{8726DAA8-CD42-3A46-93BF-AE22B0DE3CE9} = {8726DAA8-CD42-3A46-93BF-AE22B0DE3CE9}
	EndProjectSection
EndProject
Project("{8BC9CEB8-8B4A-11D0-8D11-00A0C91BC942}") = "particles", "examples\particles.vcxproj", "{4162DB88-DA2E-3719-B59D-E67AA8C433BE}"
	ProjectSection(ProjectDependencies) = postProject
		{07CC2472-B2C7-320F-9C56-69F800FFE4A2} = {07CC2472-B2C7-320F-9C56-69F800FFE4A2}
		{8726DAA8-CD42-3A46-93BF-AE22B0DE3CE9} = {8726DAA8-CD42-3A46-93BF-AE22B0DE3CE9}
	EndProjectSection
EndProject
Project("{8BC9CEB8-8B4A-11D0-8D11-00A0C91BC942}") = "reopen", "tests\reopen.vcxproj", "{847CD515-5176-3C75-8DFF-8D712632AD40}"
	ProjectSection(ProjectDependencies) = postProject
		{07CC2472-B2C7-320F-9C56-69F800FFE4A2} = {07CC2472-B2C7-320F-9C56-69F800FFE4A2}
		{8726DAA8-CD42-3A46-93BF-AE22B0DE3CE9} = {8726DAA8-CD42-3A46-93BF-AE22B0DE3CE9}
	EndProjectSection
EndProject
Project("{8BC9CEB8-8B4A-11D0-8D11-00A0C91BC942}") = "sharing", "tests\sharing.vcxproj", "{636DC196-29FF-3335-B8D1-E990DD9BCBE2}"
	ProjectSection(ProjectDependencies) = postProject
		{07CC2472-B2C7-320F-9C56-69F800FFE4A2} = {07CC2472-B2C7-320F-9C56-69F800FFE4A2}
		{8726DAA8-CD42-3A46-93BF-AE22B0DE3CE9} = {8726DAA8-CD42-3A46-93BF-AE22B0DE3CE9}
	EndProjectSection
EndProject
Project("{8BC9CEB8-8B4A-11D0-8D11-00A0C91BC942}") = "simple", "examples\simple.vcxproj", "{FE910E47-9616-3A20-AC7F-5873A8212D46}"
	ProjectSection(ProjectDependencies) = postProject
		{07CC2472-B2C7-320F-9C56-69F800FFE4A2} = {07CC2472-B2C7-320F-9C56-69F800FFE4A2}
		{8726DAA8-CD42-3A46-93BF-AE22B0DE3CE9} = {8726DAA8-CD42-3A46-93BF-AE22B0DE3CE9}
	EndProjectSection
EndProject
Project("{8BC9CEB8-8B4A-11D0-8D11-00A0C91BC942}") = "splitview", "examples\splitview.vcxproj", "{33C6DAEE-4764-377A-AF6A-8CAFA06449DA}"
	ProjectSection(ProjectDependencies) = postProject
		{07CC2472-B2C7-320F-9C56-69F800FFE4A2} = {07CC2472-B2C7-320F-9C56-69F800FFE4A2}
		{8726DAA8-CD42-3A46-93BF-AE22B0DE3CE9} = {8726DAA8-CD42-3A46-93BF-AE22B0DE3CE9}
	EndProjectSection
EndProject
Project("{8BC9CEB8-8B4A-11D0-8D11-00A0C91BC942}") = "tearing", "tests\tearing.vcxproj", "{C66DE1A0-E97E-3CF8-B556-4444BF54CF9E}"
	ProjectSection(ProjectDependencies) = postProject
		{07CC2472-B2C7-320F-9C56-69F800FFE4A2} = {07CC2472-B2C7-320F-9C56-69F800FFE4A2}
		{8726DAA8-CD42-3A46-93BF-AE22B0DE3CE9} = {8726DAA8-CD42-3A46-93BF-AE22B0DE3CE9}
	EndProjectSection
EndProject
Project("{8BC9CEB8-8B4A-11D0-8D11-00A0C91BC942}") = "threads", "tests\threads.vcxproj", "{E2F85FDE-E78E-3726-A217-4B1B8B5CDAE2}"
	ProjectSection(ProjectDependencies) = postProject
		{07CC2472-B2C7-320F-9C56-69F800FFE4A2} = {07CC2472-B2C7-320F-9C56-69F800FFE4A2}
		{8726DAA8-CD42-3A46-93BF-AE22B0DE3CE9} = {8726DAA8-CD42-3A46-93BF-AE22B0DE3CE9}
	EndProjectSection
EndProject
Project("{8BC9CEB8-8B4A-11D0-8D11-00A0C91BC942}") = "timeout", "tests\timeout.vcxproj", "{204023FC-42A2-398E-A267-FB0F0817DFB4}"
	ProjectSection(ProjectDependencies) = postProject
		{07CC2472-B2C7-320F-9C56-69F800FFE4A2} = {07CC2472-B2C7-320F-9C56-69F800FFE4A2}
		{8726DAA8-CD42-3A46-93BF-AE22B0DE3CE9} = {8726DAA8-CD42-3A46-93BF-AE22B0DE3CE9}
	EndProjectSection
EndProject
Project("{8BC9CEB8-8B4A-11D0-8D11-00A0C91BC942}") = "title", "tests\title.vcxproj", "{E0AC9ABF-6ACF-35CC-A784-A7728939EE62}"
	ProjectSection(ProjectDependencies) = postProject
		{07CC2472-B2C7-320F-9C56-69F800FFE4A2} = {07CC2472-B2C7-320F-9C56-69F800FFE4A2}
		{8726DAA8-CD42-3A46-93BF-AE22B0DE3CE9} = {8726DAA8-CD42-3A46-93BF-AE22B0DE3CE9}
	EndProjectSection
EndProject
Project("{8BC9CEB8-8B4A-11D0-8D11-00A0C91BC942}") = "uninstall", "uninstall.vcxproj", "{C41FDAF2-8525-3F64-9448-5AD1F8224C04}"
	ProjectSection(ProjectDependencies) = postProject
		{07CC2472-B2C7-320F-9C56-69F800FFE4A2} = {07CC2472-B2C7-320F-9C56-69F800FFE4A2}
	EndProjectSection
EndProject
Project("{8BC9CEB8-8B4A-11D0-8D11-00A0C91BC942}") = "wave", "examples\wave.vcxproj", "{006F617E-9517-3FB5-BBA6-889C2CD6575B}"
	ProjectSection(ProjectDependencies) = postProject
		{07CC2472-B2C7-320F-9C56-69F800FFE4A2} = {07CC2472-B2C7-320F-9C56-69F800FFE4A2}
		{8726DAA8-CD42-3A46-93BF-AE22B0DE3CE9} = {8726DAA8-CD42-3A46-93BF-AE22B0DE3CE9}
	EndProjectSection
EndProject
Project("{8BC9CEB8-8B4A-11D0-8D11-00A0C91BC942}") = "windows", "tests\windows.vcxproj", "{F5B8E5CB-24E8-30DC-949F-E7D6525E7113}"
	ProjectSection(ProjectDependencies) = postProject
		{07CC2472-B2C7-320F-9C56-69F800FFE4A2} = {07CC2472-B2C7-320F-9C56-69F800FFE4A2}
		{8726DAA8-CD42-3A46-93BF-AE22B0DE3CE9} = {8726DAA8-CD42-3A46-93BF-AE22B0DE3CE9}
	EndProjectSection
EndProject
Global
	GlobalSection(SolutionConfigurationPlatforms) = preSolution
		Debug|x64 = Debug|x64
		Release|x64 = Release|x64
		MinSizeRel|x64 = MinSizeRel|x64
		RelWithDebInfo|x64 = RelWithDebInfo|x64
	EndGlobalSection
	GlobalSection(ProjectConfigurationPlatforms) = postSolution
		{24C68757-77C1-308C-AC9A-CA645A0F1E6D}.Debug|x64.ActiveCfg = Debug|x64
		{24C68757-77C1-308C-AC9A-CA645A0F1E6D}.Debug|x64.Build.0 = Debug|x64
		{24C68757-77C1-308C-AC9A-CA645A0F1E6D}.Release|x64.ActiveCfg = Release|x64
		{24C68757-77C1-308C-AC9A-CA645A0F1E6D}.Release|x64.Build.0 = Release|x64
		{24C68757-77C1-308C-AC9A-CA645A0F1E6D}.MinSizeRel|x64.ActiveCfg = MinSizeRel|x64
		{24C68757-77C1-308C-AC9A-CA645A0F1E6D}.MinSizeRel|x64.Build.0 = MinSizeRel|x64
		{24C68757-77C1-308C-AC9A-CA645A0F1E6D}.RelWithDebInfo|x64.ActiveCfg = RelWithDebInfo|x64
		{24C68757-77C1-308C-AC9A-CA645A0F1E6D}.RelWithDebInfo|x64.Build.0 = RelWithDebInfo|x64
		{A7AEF204-7D48-3392-B09F-86FB30A4801B}.Debug|x64.ActiveCfg = Debug|x64
		{A7AEF204-7D48-3392-B09F-86FB30A4801B}.Release|x64.ActiveCfg = Release|x64
		{A7AEF204-7D48-3392-B09F-86FB30A4801B}.MinSizeRel|x64.ActiveCfg = MinSizeRel|x64
		{A7AEF204-7D48-3392-B09F-86FB30A4801B}.RelWithDebInfo|x64.ActiveCfg = RelWithDebInfo|x64
		{07CC2472-B2C7-320F-9C56-69F800FFE4A2}.Debug|x64.ActiveCfg = Debug|x64
		{07CC2472-B2C7-320F-9C56-69F800FFE4A2}.Debug|x64.Build.0 = Debug|x64
		{07CC2472-B2C7-320F-9C56-69F800FFE4A2}.Release|x64.ActiveCfg = Release|x64
		{07CC2472-B2C7-320F-9C56-69F800FFE4A2}.Release|x64.Build.0 = Release|x64
		{07CC2472-B2C7-320F-9C56-69F800FFE4A2}.MinSizeRel|x64.ActiveCfg = MinSizeRel|x64
		{07CC2472-B2C7-320F-9C56-69F800FFE4A2}.MinSizeRel|x64.Build.0 = MinSizeRel|x64
		{07CC2472-B2C7-320F-9C56-69F800FFE4A2}.RelWithDebInfo|x64.ActiveCfg = RelWithDebInfo|x64
		{07CC2472-B2C7-320F-9C56-69F800FFE4A2}.RelWithDebInfo|x64.Build.0 = RelWithDebInfo|x64
		{CCB3EE09-74B1-338D-851A-C987B58F19E4}.Debug|x64.ActiveCfg = Debug|x64
		{CCB3EE09-74B1-338D-851A-C987B58F19E4}.Debug|x64.Build.0 = Debug|x64
		{CCB3EE09-74B1-338D-851A-C987B58F19E4}.Release|x64.ActiveCfg = Release|x64
		{CCB3EE09-74B1-338D-851A-C987B58F19E4}.Release|x64.Build.0 = Release|x64
		{CCB3EE09-74B1-338D-851A-C987B58F19E4}.MinSizeRel|x64.ActiveCfg = MinSizeRel|x64
		{CCB3EE09-74B1-338D-851A-C987B58F19E4}.MinSizeRel|x64.Build.0 = MinSizeRel|x64
		{CCB3EE09-74B1-338D-851A-C987B58F19E4}.RelWithDebInfo|x64.ActiveCfg = RelWithDebInfo|x64
		{CCB3EE09-74B1-338D-851A-C987B58F19E4}.RelWithDebInfo|x64.Build.0 = RelWithDebInfo|x64
		{195BB88E-0A3B-34C1-9ABE-1BC7B234CEB3}.Debug|x64.ActiveCfg = Debug|x64
		{195BB88E-0A3B-34C1-9ABE-1BC7B234CEB3}.Debug|x64.Build.0 = Debug|x64
		{195BB88E-0A3B-34C1-9ABE-1BC7B234CEB3}.Release|x64.ActiveCfg = Release|x64
		{195BB88E-0A3B-34C1-9ABE-1BC7B234CEB3}.Release|x64.Build.0 = Release|x64
		{195BB88E-0A3B-34C1-9ABE-1BC7B234CEB3}.MinSizeRel|x64.ActiveCfg = MinSizeRel|x64
		{195BB88E-0A3B-34C1-9ABE-1BC7B234CEB3}.MinSizeRel|x64.Build.0 = MinSizeRel|x64
		{195BB88E-0A3B-34C1-9ABE-1BC7B234CEB3}.RelWithDebInfo|x64.ActiveCfg = RelWithDebInfo|x64
		{195BB88E-0A3B-34C1-9ABE-1BC7B234CEB3}.RelWithDebInfo|x64.Build.0 = RelWithDebInfo|x64
		{AF693B8B-ADB9-30D1-A42A-EFD9B7D6EE4B}.Debug|x64.ActiveCfg = Debug|x64
		{AF693B8B-ADB9-30D1-A42A-EFD9B7D6EE4B}.Debug|x64.Build.0 = Debug|x64
		{AF693B8B-ADB9-30D1-A42A-EFD9B7D6EE4B}.Release|x64.ActiveCfg = Release|x64
		{AF693B8B-ADB9-30D1-A42A-EFD9B7D6EE4B}.Release|x64.Build.0 = Release|x64
		{AF693B8B-ADB9-30D1-A42A-EFD9B7D6EE4B}.MinSizeRel|x64.ActiveCfg = MinSizeRel|x64
		{AF693B8B-ADB9-30D1-A42A-EFD9B7D6EE4B}.MinSizeRel|x64.Build.0 = MinSizeRel|x64
		{AF693B8B-ADB9-30D1-A42A-EFD9B7D6EE4B}.RelWithDebInfo|x64.ActiveCfg = RelWithDebInfo|x64
		{AF693B8B-ADB9-30D1-A42A-EFD9B7D6EE4B}.RelWithDebInfo|x64.Build.0 = RelWithDebInfo|x64
		{55F638FF-4F1C-31F2-94F6-D49F6C9A66A4}.Debug|x64.ActiveCfg = Debug|x64
		{55F638FF-4F1C-31F2-94F6-D49F6C9A66A4}.Debug|x64.Build.0 = Debug|x64
		{55F638FF-4F1C-31F2-94F6-D49F6C9A66A4}.Release|x64.ActiveCfg = Release|x64
		{55F638FF-4F1C-31F2-94F6-D49F6C9A66A4}.Release|x64.Build.0 = Release|x64
		{55F638FF-4F1C-31F2-94F6-D49F6C9A66A4}.MinSizeRel|x64.ActiveCfg = MinSizeRel|x64
		{55F638FF-4F1C-31F2-94F6-D49F6C9A66A4}.MinSizeRel|x64.Build.0 = MinSizeRel|x64
		{55F638FF-4F1C-31F2-94F6-D49F6C9A66A4}.RelWithDebInfo|x64.ActiveCfg = RelWithDebInfo|x64
		{55F638FF-4F1C-31F2-94F6-D49F6C9A66A4}.RelWithDebInfo|x64.Build.0 = RelWithDebInfo|x64
		{C393343B-1AA7-32F7-8A96-4EDD5C42DE08}.Debug|x64.ActiveCfg = Debug|x64
		{C393343B-1AA7-32F7-8A96-4EDD5C42DE08}.Debug|x64.Build.0 = Debug|x64
		{C393343B-1AA7-32F7-8A96-4EDD5C42DE08}.Release|x64.ActiveCfg = Release|x64
		{C393343B-1AA7-32F7-8A96-4EDD5C42DE08}.Release|x64.Build.0 = Release|x64
		{C393343B-1AA7-32F7-8A96-4EDD5C42DE08}.MinSizeRel|x64.ActiveCfg = MinSizeRel|x64
		{C393343B-1AA7-32F7-8A96-4EDD5C42DE08}.MinSizeRel|x64.Build.0 = MinSizeRel|x64
		{C393343B-1AA7-32F7-8A96-4EDD5C42DE08}.RelWithDebInfo|x64.ActiveCfg = RelWithDebInfo|x64
		{C393343B-1AA7-32F7-8A96-4EDD5C42DE08}.RelWithDebInfo|x64.Build.0 = RelWithDebInfo|x64
		{34876138-9175-3847-8B7C-DCEC7D85CC20}.Debug|x64.ActiveCfg = Debug|x64
		{34876138-9175-3847-8B7C-DCEC7D85CC20}.Debug|x64.Build.0 = Debug|x64
		{34876138-9175-3847-8B7C-DCEC7D85CC20}.Release|x64.ActiveCfg = Release|x64
		{34876138-9175-3847-8B7C-DCEC7D85CC20}.Release|x64.Build.0 = Release|x64
		{34876138-9175-3847-8B7C-DCEC7D85CC20}.MinSizeRel|x64.ActiveCfg = MinSizeRel|x64
		{34876138-9175-3847-8B7C-DCEC7D85CC20}.MinSizeRel|x64.Build.0 = MinSizeRel|x64
		{34876138-9175-3847-8B7C-DCEC7D85CC20}.RelWithDebInfo|x64.ActiveCfg = RelWithDebInfo|x64
		{34876138-9175-3847-8B7C-DCEC7D85CC20}.RelWithDebInfo|x64.Build.0 = RelWithDebInfo|x64
		{404F182F-1180-3097-B4E3-9B9CB212605A}.Debug|x64.ActiveCfg = Debug|x64
		{404F182F-1180-3097-B4E3-9B9CB212605A}.Debug|x64.Build.0 = Debug|x64
		{404F182F-1180-3097-B4E3-9B9CB212605A}.Release|x64.ActiveCfg = Release|x64
		{404F182F-1180-3097-B4E3-9B9CB212605A}.Release|x64.Build.0 = Release|x64
		{404F182F-1180-3097-B4E3-9B9CB212605A}.MinSizeRel|x64.ActiveCfg = MinSizeRel|x64
		{404F182F-1180-3097-B4E3-9B9CB212605A}.MinSizeRel|x64.Build.0 = MinSizeRel|x64
		{404F182F-1180-3097-B4E3-9B9CB212605A}.RelWithDebInfo|x64.ActiveCfg = RelWithDebInfo|x64
		{404F182F-1180-3097-B4E3-9B9CB212605A}.RelWithDebInfo|x64.Build.0 = RelWithDebInfo|x64
		{8726DAA8-CD42-3A46-93BF-AE22B0DE3CE9}.Debug|x64.ActiveCfg = Debug|x64
		{8726DAA8-CD42-3A46-93BF-AE22B0DE3CE9}.Debug|x64.Build.0 = Debug|x64
		{8726DAA8-CD42-3A46-93BF-AE22B0DE3CE9}.Release|x64.ActiveCfg = Release|x64
		{8726DAA8-CD42-3A46-93BF-AE22B0DE3CE9}.Release|x64.Build.0 = Release|x64
		{8726DAA8-CD42-3A46-93BF-AE22B0DE3CE9}.MinSizeRel|x64.ActiveCfg = MinSizeRel|x64
		{8726DAA8-CD42-3A46-93BF-AE22B0DE3CE9}.MinSizeRel|x64.Build.0 = MinSizeRel|x64
		{8726DAA8-CD42-3A46-93BF-AE22B0DE3CE9}.RelWithDebInfo|x64.ActiveCfg = RelWithDebInfo|x64
		{8726DAA8-CD42-3A46-93BF-AE22B0DE3CE9}.RelWithDebInfo|x64.Build.0 = RelWithDebInfo|x64
		{F971A3AD-8552-3D83-99FC-0F5A448B1FF4}.Debug|x64.ActiveCfg = Debug|x64
		{F971A3AD-8552-3D83-99FC-0F5A448B1FF4}.Debug|x64.Build.0 = Debug|x64
		{F971A3AD-8552-3D83-99FC-0F5A448B1FF4}.Release|x64.ActiveCfg = Release|x64
		{F971A3AD-8552-3D83-99FC-0F5A448B1FF4}.Release|x64.Build.0 = Release|x64
		{F971A3AD-8552-3D83-99FC-0F5A448B1FF4}.MinSizeRel|x64.ActiveCfg = MinSizeRel|x64
		{F971A3AD-8552-3D83-99FC-0F5A448B1FF4}.MinSizeRel|x64.Build.0 = MinSizeRel|x64
		{F971A3AD-8552-3D83-99FC-0F5A448B1FF4}.RelWithDebInfo|x64.ActiveCfg = RelWithDebInfo|x64
		{F971A3AD-8552-3D83-99FC-0F5A448B1FF4}.RelWithDebInfo|x64.Build.0 = RelWithDebInfo|x64
		{829322D6-240D-3919-BBC1-9A15DF831BBD}.Debug|x64.ActiveCfg = Debug|x64
		{829322D6-240D-3919-BBC1-9A15DF831BBD}.Debug|x64.Build.0 = Debug|x64
		{829322D6-240D-3919-BBC1-9A15DF831BBD}.Release|x64.ActiveCfg = Release|x64
		{829322D6-240D-3919-BBC1-9A15DF831BBD}.Release|x64.Build.0 = Release|x64
		{829322D6-240D-3919-BBC1-9A15DF831BBD}.MinSizeRel|x64.ActiveCfg = MinSizeRel|x64
		{829322D6-240D-3919-BBC1-9A15DF831BBD}.MinSizeRel|x64.Build.0 = MinSizeRel|x64
		{829322D6-240D-3919-BBC1-9A15DF831BBD}.RelWithDebInfo|x64.ActiveCfg = RelWithDebInfo|x64
		{829322D6-240D-3919-BBC1-9A15DF831BBD}.RelWithDebInfo|x64.Build.0 = RelWithDebInfo|x64
		{AAB1467F-DAA2-31CD-B3A4-28FEB1058D15}.Debug|x64.ActiveCfg = Debug|x64
		{AAB1467F-DAA2-31CD-B3A4-28FEB1058D15}.Debug|x64.Build.0 = Debug|x64
		{AAB1467F-DAA2-31CD-B3A4-28FEB1058D15}.Release|x64.ActiveCfg = Release|x64
		{AAB1467F-DAA2-31CD-B3A4-28FEB1058D15}.Release|x64.Build.0 = Release|x64
		{AAB1467F-DAA2-31CD-B3A4-28FEB1058D15}.MinSizeRel|x64.ActiveCfg = MinSizeRel|x64
		{AAB1467F-DAA2-31CD-B3A4-28FEB1058D15}.MinSizeRel|x64.Build.0 = MinSizeRel|x64
		{AAB1467F-DAA2-31CD-B3A4-28FEB1058D15}.RelWithDebInfo|x64.ActiveCfg = RelWithDebInfo|x64
		{AAB1467F-DAA2-31CD-B3A4-28FEB1058D15}.RelWithDebInfo|x64.Build.0 = RelWithDebInfo|x64
		{9A3BEDF9-60F2-3D3F-A125-EDA1D6780BE2}.Debug|x64.ActiveCfg = Debug|x64
		{9A3BEDF9-60F2-3D3F-A125-EDA1D6780BE2}.Debug|x64.Build.0 = Debug|x64
		{9A3BEDF9-60F2-3D3F-A125-EDA1D6780BE2}.Release|x64.ActiveCfg = Release|x64
		{9A3BEDF9-60F2-3D3F-A125-EDA1D6780BE2}.Release|x64.Build.0 = Release|x64
		{9A3BEDF9-60F2-3D3F-A125-EDA1D6780BE2}.MinSizeRel|x64.ActiveCfg = MinSizeRel|x64
		{9A3BEDF9-60F2-3D3F-A125-EDA1D6780BE2}.MinSizeRel|x64.Build.0 = MinSizeRel|x64
		{9A3BEDF9-60F2-3D3F-A125-EDA1D6780BE2}.RelWithDebInfo|x64.ActiveCfg = RelWithDebInfo|x64
		{9A3BEDF9-60F2-3D3F-A125-EDA1D6780BE2}.RelWithDebInfo|x64.Build.0 = RelWithDebInfo|x64
		{B0565C53-D2F2-3972-9EED-EF1F7C01FFFE}.Debug|x64.ActiveCfg = Debug|x64
		{B0565C53-D2F2-3972-9EED-EF1F7C01FFFE}.Debug|x64.Build.0 = Debug|x64
		{B0565C53-D2F2-3972-9EED-EF1F7C01FFFE}.Release|x64.ActiveCfg = Release|x64
		{B0565C53-D2F2-3972-9EED-EF1F7C01FFFE}.Release|x64.Build.0 = Release|x64
		{B0565C53-D2F2-3972-9EED-EF1F7C01FFFE}.MinSizeRel|x64.ActiveCfg = MinSizeRel|x64
		{B0565C53-D2F2-3972-9EED-EF1F7C01FFFE}.MinSizeRel|x64.Build.0 = MinSizeRel|x64
		{B0565C53-D2F2-3972-9EED-EF1F7C01FFFE}.RelWithDebInfo|x64.ActiveCfg = RelWithDebInfo|x64
		{B0565C53-D2F2-3972-9EED-EF1F7C01FFFE}.RelWithDebInfo|x64.Build.0 = RelWithDebInfo|x64
		{3AE2B8D1-935B-3DB0-8C18-CC4F0BD252D2}.Debug|x64.ActiveCfg = Debug|x64
		{3AE2B8D1-935B-3DB0-8C18-CC4F0BD252D2}.Debug|x64.Build.0 = Debug|x64
		{3AE2B8D1-935B-3DB0-8C18-CC4F0BD252D2}.Release|x64.ActiveCfg = Release|x64
		{3AE2B8D1-935B-3DB0-8C18-CC4F0BD252D2}.Release|x64.Build.0 = Release|x64
		{3AE2B8D1-935B-3DB0-8C18-CC4F0BD252D2}.MinSizeRel|x64.ActiveCfg = MinSizeRel|x64
		{3AE2B8D1-935B-3DB0-8C18-CC4F0BD252D2}.MinSizeRel|x64.Build.0 = MinSizeRel|x64
		{3AE2B8D1-935B-3DB0-8C18-CC4F0BD252D2}.RelWithDebInfo|x64.ActiveCfg = RelWithDebInfo|x64
		{3AE2B8D1-935B-3DB0-8C18-CC4F0BD252D2}.RelWithDebInfo|x64.Build.0 = RelWithDebInfo|x64
		{5804E2E4-C761-3F5E-9476-35CB6A887DD6}.Debug|x64.ActiveCfg = Debug|x64
		{5804E2E4-C761-3F5E-9476-35CB6A887DD6}.Debug|x64.Build.0 = Debug|x64
		{5804E2E4-C761-3F5E-9476-35CB6A887DD6}.Release|x64.ActiveCfg = Release|x64
		{5804E2E4-C761-3F5E-9476-35CB6A887DD6}.Release|x64.Build.0 = Release|x64
		{5804E2E4-C761-3F5E-9476-35CB6A887DD6}.MinSizeRel|x64.ActiveCfg = MinSizeRel|x64
		{5804E2E4-C761-3F5E-9476-35CB6A887DD6}.MinSizeRel|x64.Build.0 = MinSizeRel|x64
		{5804E2E4-C761-3F5E-9476-35CB6A887DD6}.RelWithDebInfo|x64.ActiveCfg = RelWithDebInfo|x64
		{5804E2E4-C761-3F5E-9476-35CB6A887DD6}.RelWithDebInfo|x64.Build.0 = RelWithDebInfo|x64
		{4162DB88-DA2E-3719-B59D-E67AA8C433BE}.Debug|x64.ActiveCfg = Debug|x64
		{4162DB88-DA2E-3719-B59D-E67AA8C433BE}.Debug|x64.Build.0 = Debug|x64
		{4162DB88-DA2E-3719-B59D-E67AA8C433BE}.Release|x64.ActiveCfg = Release|x64
		{4162DB88-DA2E-3719-B59D-E67AA8C433BE}.Release|x64.Build.0 = Release|x64
		{4162DB88-DA2E-3719-B59D-E67AA8C433BE}.MinSizeRel|x64.ActiveCfg = MinSizeRel|x64
		{4162DB88-DA2E-3719-B59D-E67AA8C433BE}.MinSizeRel|x64.Build.0 = MinSizeRel|x64
		{4162DB88-DA2E-3719-B59D-E67AA8C433BE}.RelWithDebInfo|x64.ActiveCfg = RelWithDebInfo|x64
		{4162DB88-DA2E-3719-B59D-E67AA8C433BE}.RelWithDebInfo|x64.Build.0 = RelWithDebInfo|x64
		{847CD515-5176-3C75-8DFF-8D712632AD40}.Debug|x64.ActiveCfg = Debug|x64
		{847CD515-5176-3C75-8DFF-8D712632AD40}.Debug|x64.Build.0 = Debug|x64
		{847CD515-5176-3C75-8DFF-8D712632AD40}.Release|x64.ActiveCfg = Release|x64
		{847CD515-5176-3C75-8DFF-8D712632AD40}.Release|x64.Build.0 = Release|x64
		{847CD515-5176-3C75-8DFF-8D712632AD40}.MinSizeRel|x64.ActiveCfg = MinSizeRel|x64
		{847CD515-5176-3C75-8DFF-8D712632AD40}.MinSizeRel|x64.Build.0 = MinSizeRel|x64
		{847CD515-5176-3C75-8DFF-8D712632AD40}.RelWithDebInfo|x64.ActiveCfg = RelWithDebInfo|x64
		{847CD515-5176-3C75-8DFF-8D712632AD40}.RelWithDebInfo|x64.Build.0 = RelWithDebInfo|x64
		{636DC196-29FF-3335-B8D1-E990DD9BCBE2}.Debug|x64.ActiveCfg = Debug|x64
		{636DC196-29FF-3335-B8D1-E990DD9BCBE2}.Debug|x64.Build.0 = Debug|x64
		{636DC196-29FF-3335-B8D1-E990DD9BCBE2}.Release|x64.ActiveCfg = Release|x64
		{636DC196-29FF-3335-B8D1-E990DD9BCBE2}.Release|x64.Build.0 = Release|x64
		{636DC196-29FF-3335-B8D1-E990DD9BCBE2}.MinSizeRel|x64.ActiveCfg = MinSizeRel|x64
		{636DC196-29FF-3335-B8D1-E990DD9BCBE2}.MinSizeRel|x64.Build.0 = MinSizeRel|x64
		{636DC196-29FF-3335-B8D1-E990DD9BCBE2}.RelWithDebInfo|x64.ActiveCfg = RelWithDebInfo|x64
		{636DC196-29FF-3335-B8D1-E990DD9BCBE2}.RelWithDebInfo|x64.Build.0 = RelWithDebInfo|x64
		{FE910E47-9616-3A20-AC7F-5873A8212D46}.Debug|x64.ActiveCfg = Debug|x64
		{FE910E47-9616-3A20-AC7F-5873A8212D46}.Debug|x64.Build.0 = Debug|x64
		{FE910E47-9616-3A20-AC7F-5873A8212D46}.Release|x64.ActiveCfg = Release|x64
		{FE910E47-9616-3A20-AC7F-5873A8212D46}.Release|x64.Build.0 = Release|x64
		{FE910E47-9616-3A20-AC7F-5873A8212D46}.MinSizeRel|x64.ActiveCfg = MinSizeRel|x64
		{FE910E47-9616-3A20-AC7F-5873A8212D46}.MinSizeRel|x64.Build.0 = MinSizeRel|x64
		{FE910E47-9616-3A20-AC7F-5873A8212D46}.RelWithDebInfo|x64.ActiveCfg = RelWithDebInfo|x64
		{FE910E47-9616-3A20-AC7F-5873A8212D46}.RelWithDebInfo|x64.Build.0 = RelWithDebInfo|x64
		{33C6DAEE-4764-377A-AF6A-8CAFA06449DA}.Debug|x64.ActiveCfg = Debug|x64
		{33C6DAEE-4764-377A-AF6A-8CAFA06449DA}.Debug|x64.Build.0 = Debug|x64
		{33C6DAEE-4764-377A-AF6A-8CAFA06449DA}.Release|x64.ActiveCfg = Release|x64
		{33C6DAEE-4764-377A-AF6A-8CAFA06449DA}.Release|x64.Build.0 = Release|x64
		{33C6DAEE-4764-377A-AF6A-8CAFA06449DA}.MinSizeRel|x64.ActiveCfg = MinSizeRel|x64
		{33C6DAEE-4764-377A-AF6A-8CAFA06449DA}.MinSizeRel|x64.Build.0 = MinSizeRel|x64
		{33C6DAEE-4764-377A-AF6A-8CAFA06449DA}.RelWithDebInfo|x64.ActiveCfg = RelWithDebInfo|x64
		{33C6DAEE-4764-377A-AF6A-8CAFA06449DA}.RelWithDebInfo|x64.Build.0 = RelWithDebInfo|x64
		{C66DE1A0-E97E-3CF8-B556-4444BF54CF9E}.Debug|x64.ActiveCfg = Debug|x64
		{C66DE1A0-E97E-3CF8-B556-4444BF54CF9E}.Debug|x64.Build.0 = Debug|x64
		{C66DE1A0-E97E-3CF8-B556-4444BF54CF9E}.Release|x64.ActiveCfg = Release|x64
		{C66DE1A0-E97E-3CF8-B556-4444BF54CF9E}.Release|x64.Build.0 = Release|x64
		{C66DE1A0-E97E-3CF8-B556-4444BF54CF9E}.MinSizeRel|x64.ActiveCfg = MinSizeRel|x64
		{C66DE1A0-E97E-3CF8-B556-4444BF54CF9E}.MinSizeRel|x64.Build.0 = MinSizeRel|x64
		{C66DE1A0-E97E-3CF8-B556-4444BF54CF9E}.RelWithDebInfo|x64.ActiveCfg = RelWithDebInfo|x64
		{C66DE1A0-E97E-3CF8-B556-4444BF54CF9E}.RelWithDebInfo|x64.Build.0 = RelWithDebInfo|x64
		{E2F85FDE-E78E-3726-A217-4B1B8B5CDAE2}.Debug|x64.ActiveCfg = Debug|x64
		{E2F85FDE-E78E-3726-A217-4B1B8B5CDAE2}.Debug|x64.Build.0 = Debug|x64
		{E2F85FDE-E78E-3726-A217-4B1B8B5CDAE2}.Release|x64.ActiveCfg = Release|x64
		{E2F85FDE-E78E-3726-A217-4B1B8B5CDAE2}.Release|x64.Build.0 = Release|x64
		{E2F85FDE-E78E-3726-A217-4B1B8B5CDAE2}.MinSizeRel|x64.ActiveCfg = MinSizeRel|x64
		{E2F85FDE-E78E-3726-A217-4B1B8B5CDAE2}.MinSizeRel|x64.Build.0 = MinSizeRel|x64
		{E2F85FDE-E78E-3726-A217-4B1B8B5CDAE2}.RelWithDebInfo|x64.ActiveCfg = RelWithDebInfo|x64
		{E2F85FDE-E78E-3726-A217-4B1B8B5CDAE2}.RelWithDebInfo|x64.Build.0 = RelWithDebInfo|x64
		{204023FC-42A2-398E-A267-FB0F0817DFB4}.Debug|x64.ActiveCfg = Debug|x64
		{204023FC-42A2-398E-A267-FB0F0817DFB4}.Debug|x64.Build.0 = Debug|x64
		{204023FC-42A2-398E-A267-FB0F0817DFB4}.Release|x64.ActiveCfg = Release|x64
		{204023FC-42A2-398E-A267-FB0F0817DFB4}.Release|x64.Build.0 = Release|x64
		{204023FC-42A2-398E-A267-FB0F0817DFB4}.MinSizeRel|x64.ActiveCfg = MinSizeRel|x64
		{204023FC-42A2-398E-A267-FB0F0817DFB4}.MinSizeRel|x64.Build.0 = MinSizeRel|x64
		{204023FC-42A2-398E-A267-FB0F0817DFB4}.RelWithDebInfo|x64.ActiveCfg = RelWithDebInfo|x64
		{204023FC-42A2-398E-A267-FB0F0817DFB4}.RelWithDebInfo|x64.Build.0 = RelWithDebInfo|x64
		{E0AC9ABF-6ACF-35CC-A784-A7728939EE62}.Debug|x64.ActiveCfg = Debug|x64
		{E0AC9ABF-6ACF-35CC-A784-A7728939EE62}.Debug|x64.Build.0 = Debug|x64
		{E0AC9ABF-6ACF-35CC-A784-A7728939EE62}.Release|x64.ActiveCfg = Release|x64
		{E0AC9ABF-6ACF-35CC-A784-A7728939EE62}.Release|x64.Build.0 = Release|x64
		{E0AC9ABF-6ACF-35CC-A784-A7728939EE62}.MinSizeRel|x64.ActiveCfg = MinSizeRel|x64
		{E0AC9ABF-6ACF-35CC-A784-A7728939EE62}.MinSizeRel|x64.Build.0 = MinSizeRel|x64
		{E0AC9ABF-6ACF-35CC-A784-A7728939EE62}.RelWithDebInfo|x64.ActiveCfg = RelWithDebInfo|x64
		{E0AC9ABF-6ACF-35CC-A784-A7728939EE62}.RelWithDebInfo|x64.Build.0 = RelWithDebInfo|x64
		{C41FDAF2-8525-3F64-9448-5AD1F8224C04}.Debug|x64.ActiveCfg = Debug|x64
		{C41FDAF2-8525-3F64-9448-5AD1F8224C04}.Release|x64.ActiveCfg = Release|x64
		{C41FDAF2-8525-3F64-9448-5AD1F8224C04}.MinSizeRel|x64.ActiveCfg = MinSizeRel|x64
		{C41FDAF2-8525-3F64-9448-5AD1F8224C04}.RelWithDebInfo|x64.ActiveCfg = RelWithDebInfo|x64
		{006F617E-9517-3FB5-BBA6-889C2CD6575B}.Debug|x64.ActiveCfg = Debug|x64
		{006F617E-9517-3FB5-BBA6-889C2CD6575B}.Debug|x64.Build.0 = Debug|x64
		{006F617E-9517-3FB5-BBA6-889C2CD6575B}.Release|x64.ActiveCfg = Release|x64
		{006F617E-9517-3FB5-BBA6-889C2CD6575B}.Release|x64.Build.0 = Release|x64
		{006F617E-9517-3FB5-BBA6-889C2CD6575B}.MinSizeRel|x64.ActiveCfg = MinSizeRel|x64
		{006F617E-9517-3FB5-BBA6-889C2CD6575B}.MinSizeRel|x64.Build.0 = MinSizeRel|x64
		{006F617E-9517-3FB5-BBA6-889C2CD6575B}.RelWithDebInfo|x64.ActiveCfg = RelWithDebInfo|x64
		{006F617E-9517-3FB5-BBA6-889C2CD6575B}.RelWithDebInfo|x64.Build.0 = RelWithDebInfo|x64
		{F5B8E5CB-24E8-30DC-949F-E7D6525E7113}.Debug|x64.ActiveCfg = Debug|x64
		{F5B8E5CB-24E8-30DC-949F-E7D6525E7113}.Debug|x64.Build.0 = Debug|x64
		{F5B8E5CB-24E8-30DC-949F-E7D6525E7113}.Release|x64.ActiveCfg = Release|x64
		{F5B8E5CB-24E8-30DC-949F-E7D6525E7113}.Release|x64.Build.0 = Release|x64
		{F5B8E5CB-24E8-30DC-949F-E7D6525E7113}.MinSizeRel|x64.ActiveCfg = MinSizeRel|x64
		{F5B8E5CB-24E8-30DC-949F-E7D6525E7113}.MinSizeRel|x64.Build.0 = MinSizeRel|x64
		{F5B8E5CB-24E8-30DC-949F-E7D6525E7113}.RelWithDebInfo|x64.ActiveCfg = RelWithDebInfo|x64
		{F5B8E5CB-24E8-30DC-949F-E7D6525E7113}.RelWithDebInfo|x64.Build.0 = RelWithDebInfo|x64
	EndGlobalSection
	GlobalSection(NestedProjects) = preSolution
		{24C68757-77C1-308C-AC9A-CA645A0F1E6D} = {EC66F0D1-4A73-3481-9684-CA5C09E71252}
		{A7AEF204-7D48-3392-B09F-86FB30A4801B} = {EC66F0D1-4A73-3481-9684-CA5C09E71252}
		{07CC2472-B2C7-320F-9C56-69F800FFE4A2} = {EC66F0D1-4A73-3481-9684-CA5C09E71252}
		{137C6418-FD4D-340A-95C6-92F5AE416B38} = {568C9200-35DB-3075-A9B9-74DCBAFA75BF}
		{27AE3702-4BD1-364D-9881-9E7AF27E2D77} = {568C9200-35DB-3075-A9B9-74DCBAFA75BF}
		{8726DAA8-CD42-3A46-93BF-AE22B0DE3CE9} = {568C9200-35DB-3075-A9B9-74DCBAFA75BF}
		{CCB3EE09-74B1-338D-851A-C987B58F19E4} = {137C6418-FD4D-340A-95C6-92F5AE416B38}
		{404F182F-1180-3097-B4E3-9B9CB212605A} = {137C6418-FD4D-340A-95C6-92F5AE416B38}
		{829322D6-240D-3919-BBC1-9A15DF831BBD} = {137C6418-FD4D-340A-95C6-92F5AE416B38}
		{4162DB88-DA2E-3719-B59D-E67AA8C433BE} = {137C6418-FD4D-340A-95C6-92F5AE416B38}
		{FE910E47-9616-3A20-AC7F-5873A8212D46} = {137C6418-FD4D-340A-95C6-92F5AE416B38}
		{33C6DAEE-4764-377A-AF6A-8CAFA06449DA} = {137C6418-FD4D-340A-95C6-92F5AE416B38}
		{006F617E-9517-3FB5-BBA6-889C2CD6575B} = {137C6418-FD4D-340A-95C6-92F5AE416B38}
		{195BB88E-0A3B-34C1-9ABE-1BC7B234CEB3} = {27AE3702-4BD1-364D-9881-9E7AF27E2D77}
		{AF693B8B-ADB9-30D1-A42A-EFD9B7D6EE4B} = {27AE3702-4BD1-364D-9881-9E7AF27E2D77}
		{55F638FF-4F1C-31F2-94F6-D49F6C9A66A4} = {27AE3702-4BD1-364D-9881-9E7AF27E2D77}
		{C393343B-1AA7-32F7-8A96-4EDD5C42DE08} = {27AE3702-4BD1-364D-9881-9E7AF27E2D77}
		{34876138-9175-3847-8B7C-DCEC7D85CC20} = {27AE3702-4BD1-364D-9881-9E7AF27E2D77}
		{F971A3AD-8552-3D83-99FC-0F5A448B1FF4} = {27AE3702-4BD1-364D-9881-9E7AF27E2D77}
		{AAB1467F-DAA2-31CD-B3A4-28FEB1058D15} = {27AE3702-4BD1-364D-9881-9E7AF27E2D77}
		{9A3BEDF9-60F2-3D3F-A125-EDA1D6780BE2} = {27AE3702-4BD1-364D-9881-9E7AF27E2D77}
		{B0565C53-D2F2-3972-9EED-EF1F7C01FFFE} = {27AE3702-4BD1-364D-9881-9E7AF27E2D77}
		{3AE2B8D1-935B-3DB0-8C18-CC4F0BD252D2} = {27AE3702-4BD1-364D-9881-9E7AF27E2D77}
		{5804E2E4-C761-3F5E-9476-35CB6A887DD6} = {27AE3702-4BD1-364D-9881-9E7AF27E2D77}
		{847CD515-5176-3C75-8DFF-8D712632AD40} = {27AE3702-4BD1-364D-9881-9E7AF27E2D77}
		{636DC196-29FF-3335-B8D1-E990DD9BCBE2} = {27AE3702-4BD1-364D-9881-9E7AF27E2D77}
		{C66DE1A0-E97E-3CF8-B556-4444BF54CF9E} = {27AE3702-4BD1-364D-9881-9E7AF27E2D77}
		{E2F85FDE-E78E-3726-A217-4B1B8B5CDAE2} = {27AE3702-4BD1-364D-9881-9E7AF27E2D77}
		{204023FC-42A2-398E-A267-FB0F0817DFB4} = {27AE3702-4BD1-364D-9881-9E7AF27E2D77}
		{E0AC9ABF-6ACF-35CC-A784-A7728939EE62} = {27AE3702-4BD1-364D-9881-9E7AF27E2D77}
		{F5B8E5CB-24E8-30DC-949F-E7D6525E7113} = {27AE3702-4BD1-364D-9881-9E7AF27E2D77}
	EndGlobalSection
	GlobalSection(ExtensibilityGlobals) = postSolution
		SolutionGuid = {DFF07B5F-2B3B-36A6-812F-CC1DF5EEC41B}
	EndGlobalSection
	GlobalSection(ExtensibilityAddIns) = postSolution
	EndGlobalSection
EndGlobal
