<?xml version="1.0" encoding="utf-8"?>
<Project ToolsVersion="16.0" xmlns="http://schemas.microsoft.com/developer/msbuild/2003">
  <ItemGroup>
    <CustomBuild Include="C:\Users\Admin\Documents\Software\glfw-3.2.1\build2019\CMakeFiles\91b2c5b4503a04f9567d73bb8b08b77f\INSTALL_force.rule">
      <Filter>CMake Rules</Filter>
    </CustomBuild>
  </ItemGroup>
  <ItemGroup>
    <Filter Include="CMake Rules">
      <UniqueIdentifier>{337BEC8E-7C52-3B7B-A1A5-0514E67A1499}</UniqueIdentifier>
    </Filter>
  </ItemGroup>
</Project>
